// !$*UTF8*$!
{
	archiveVersion = 1;
	classes = {
	};
	objectVersion = 56;
	objects = {

/* Begin PBXBuildFile section */
		BE2798A32A82296C001DD471 /* AppDelegate.swift in Sources */ = {isa = PBXBuildFile; fileRef = BE2798A22A82296C001DD471 /* AppDelegate.swift */; };
		BE2798A52A82296C001DD471 /* SceneDelegate.swift in Sources */ = {isa = PBXBuildFile; fileRef = BE2798A42A82296C001DD471 /* SceneDelegate.swift */; };
		BE2798A72A82296C001DD471 /* ViewController.swift in Sources */ = {isa = PBXBuildFile; fileRef = BE2798A62A82296C001DD471 /* ViewController.swift */; };
		BE2798AA2A82296C001DD471 /* Main.storyboard in Resources */ = {isa = PBXBuildFile; fileRef = BE2798A82A82296C001DD471 /* Main.storyboard */; };
		BE2798AC2A82296D001DD471 /* Assets.xcassets in Resources */ = {isa = PBXBuildFile; fileRef = BE2798AB2A82296D001DD471 /* Assets.xcassets */; };
		BE2798AF2A82296D001DD471 /* LaunchScreen.storyboard in Resources */ = {isa = PBXBuildFile; fileRef = BE2798AD2A82296D001DD471 /* LaunchScreen.storyboard */; };
		BE2798B82A8229A7001DD471 /* SwiftyJSON in Frameworks */ = {isa = PBXBuildFile; productRef = BE2798B72A8229A7001DD471 /* SwiftyJSON */; };
		BE2798BB2A8229B7001DD471 /* Alamofire in Frameworks */ = {isa = PBXBuildFile; productRef = BE2798BA2A8229B7001DD471 /* Alamofire */; };
		BE2798BE2A822BE7001DD471 /* Kingfisher in Frameworks */ = {isa = PBXBuildFile; productRef = BE2798BD2A822BE7001DD471 /* Kingfisher */; };
/* End PBXBuildFile section */

/* Begin PBXFileReference section */
		BE27989F2A82296C001DD471 /* 8. BeerAPI.app */ = {isa = PBXFileReference; explicitFileType = wrapper.application; includeInIndex = 0; path = "8. BeerAPI.app"; sourceTree = BUILT_PRODUCTS_DIR; };
		BE2798A22A82296C001DD471 /* AppDelegate.swift */ = {isa = PBXFileReference; lastKnownFileType = sourcecode.swift; path = AppDelegate.swift; sourceTree = "<group>"; };
		BE2798A42A82296C001DD471 /* SceneDelegate.swift */ = {isa = PBXFileReference; lastKnownFileType = sourcecode.swift; path = SceneDelegate.swift; sourceTree = "<group>"; };
		BE2798A62A82296C001DD471 /* ViewController.swift */ = {isa = PBXFileReference; lastKnownFileType = sourcecode.swift; path = ViewController.swift; sourceTree = "<group>"; };
		BE2798A92A82296C001DD471 /* Base */ = {isa = PBXFileReference; lastKnownFileType = file.storyboard; name = Base; path = Base.lproj/Main.storyboard; sourceTree = "<group>"; };
		BE2798AB2A82296D001DD471 /* Assets.xcassets */ = {isa = PBXFileReference; lastKnownFileType = folder.assetcatalog; path = Assets.xcassets; sourceTree = "<group>"; };
		BE2798AE2A82296D001DD471 /* Base */ = {isa = PBXFileReference; lastKnownFileType = file.storyboard; name = Base; path = Base.lproj/LaunchScreen.storyboard; sourceTree = "<group>"; };
		BE2798B02A82296D001DD471 /* Info.plist */ = {isa = PBXFileReference; lastKnownFileType = text.plist.xml; path = Info.plist; sourceTree = "<group>"; };
/* End PBXFileReference section */

/* Begin PBXFrameworksBuildPhase section */
		BE27989C2A82296C001DD471 /* Frameworks */ = {
			isa = PBXFrameworksBuildPhase;
			buildActionMask = 2147483647;
			files = (
				BE2798BE2A822BE7001DD471 /* Kingfisher in Frameworks */,
				BE2798B82A8229A7001DD471 /* SwiftyJSON in Frameworks */,
				BE2798BB2A8229B7001DD471 /* Alamofire in Frameworks */,
			);
			runOnlyForDeploymentPostprocessing = 0;
		};
/* End PBXFrameworksBuildPhase section */

/* Begin PBXGroup section */
		BE2798962A82296C001DD471 = {
			isa = PBXGroup;
			children = (
				BE2798A12A82296C001DD471 /* 8. BeerAPI */,
				BE2798A02A82296C001DD471 /* Products */,
			);
			sourceTree = "<group>";
		};
		BE2798A02A82296C001DD471 /* Products */ = {
			isa = PBXGroup;
			children = (
				BE27989F2A82296C001DD471 /* 8. BeerAPI.app */,
			);
			name = Products;
			sourceTree = "<group>";
		};
		BE2798A12A82296C001DD471 /* 8. BeerAPI */ = {
			isa = PBXGroup;
			children = (
				BE2798A22A82296C001DD471 /* AppDelegate.swift */,
				BE2798A42A82296C001DD471 /* SceneDelegate.swift */,
				BE2798A62A82296C001DD471 /* ViewController.swift */,
				BE2798A82A82296C001DD471 /* Main.storyboard */,
				BE2798AB2A82296D001DD471 /* Assets.xcassets */,
				BE2798AD2A82296D001DD471 /* LaunchScreen.storyboard */,
				BE2798B02A82296D001DD471 /* Info.plist */,
			);
			path = "8. BeerAPI";
			sourceTree = "<group>";
		};
/* End PBXGroup section */

/* Begin PBXNativeTarget section */
		BE27989E2A82296C001DD471 /* 8. BeerAPI */ = {
			isa = PBXNativeTarget;
			buildConfigurationList = BE2798B32A82296D001DD471 /* Build configuration list for PBXNativeTarget "8. BeerAPI" */;
			buildPhases = (
				BE27989B2A82296C001DD471 /* Sources */,
				BE27989C2A82296C001DD471 /* Frameworks */,
				BE27989D2A82296C001DD471 /* Resources */,
			);
			buildRules = (
			);
			dependencies = (
			);
			name = "8. BeerAPI";
			packageProductDependencies = (
				BE2798B72A8229A7001DD471 /* SwiftyJSON */,
				BE2798BA2A8229B7001DD471 /* Alamofire */,
				BE2798BD2A822BE7001DD471 /* Kingfisher */,
			);
			productName = "8. BeerAPI";
			productReference = BE27989F2A82296C001DD471 /* 8. BeerAPI.app */;
			productType = "com.apple.product-type.application";
		};
/* End PBXNativeTarget section */

/* Begin PBXProject section */
		BE2798972A82296C001DD471 /* Project object */ = {
			isa = PBXProject;
			attributes = {
				BuildIndependentTargetsInParallel = 1;
				LastSwiftUpdateCheck = 1430;
				LastUpgradeCheck = 1430;
				TargetAttributes = {
					BE27989E2A82296C001DD471 = {
						CreatedOnToolsVersion = 14.3.1;
					};
				};
			};
			buildConfigurationList = BE27989A2A82296C001DD471 /* Build configuration list for PBXProject "8. BeerAPI" */;
			compatibilityVersion = "Xcode 14.0";
			developmentRegion = en;
			hasScannedForEncodings = 0;
			knownRegions = (
				en,
				Base,
			);
			mainGroup = BE2798962A82296C001DD471;
			packageReferences = (
				BE2798B62A8229A7001DD471 /* XCRemoteSwiftPackageReference "SwiftyJSON" */,
				BE2798B92A8229B7001DD471 /* XCRemoteSwiftPackageReference "Alamofire" */,
				BE2798BC2A822BE6001DD471 /* XCRemoteSwiftPackageReference "Kingfisher" */,
			);
			productRefGroup = BE2798A02A82296C001DD471 /* Products */;
			projectDirPath = "";
			projectRoot = "";
			targets = (
				BE27989E2A82296C001DD471 /* 8. BeerAPI */,
			);
		};
/* End PBXProject section */

/* Begin PBXResourcesBuildPhase section */
		BE27989D2A82296C001DD471 /* Resources */ = {
			isa = PBXResourcesBuildPhase;
			buildActionMask = 2147483647;
			files = (
				BE2798AF2A82296D001DD471 /* LaunchScreen.storyboard in Resources */,
				BE2798AC2A82296D001DD471 /* Assets.xcassets in Resources */,
				BE2798AA2A82296C001DD471 /* Main.storyboard in Resources */,
			);
			runOnlyForDeploymentPostprocessing = 0;
		};
/* End PBXResourcesBuildPhase section */

/* Begin PBXSourcesBuildPhase section */
		BE27989B2A82296C001DD471 /* Sources */ = {
			isa = PBXSourcesBuildPhase;
			buildActionMask = 2147483647;
			files = (
				BE2798A72A82296C001DD471 /* ViewController.swift in Sources */,
				BE2798A32A82296C001DD471 /* AppDelegate.swift in Sources */,
				BE2798A52A82296C001DD471 /* SceneDelegate.swift in Sources */,
			);
			runOnlyForDeploymentPostprocessing = 0;
		};
/* End PBXSourcesBuildPhase section */

/* Begin PBXVariantGroup section */
		BE2798A82A82296C001DD471 /* Main.storyboard */ = {
			isa = PBXVariantGroup;
			children = (
				BE2798A92A82296C001DD471 /* Base */,
			);
			name = Main.storyboard;
			sourceTree = "<group>";
		};
		BE2798AD2A82296D001DD471 /* LaunchScreen.storyboard */ = {
			isa = PBXVariantGroup;
			children = (
				BE2798AE2A82296D001DD471 /* Base */,
			);
			name = LaunchScreen.storyboard;
			sourceTree = "<group>";
		};
/* End PBXVariantGroup section */

/* Begin XCBuildConfiguration section */
		BE2798B12A82296D001DD471 /* Debug */ = {
			isa = XCBuildConfiguration;
			buildSettings = {
				ALWAYS_SEARCH_USER_PATHS = NO;
				CLANG_ANALYZER_NONNULL = YES;
				CLANG_ANALYZER_NUMBER_OBJECT_CONVERSION = YES_AGGRESSIVE;
				CLANG_CXX_LANGUAGE_STANDARD = "gnu++20";
				CLANG_ENABLE_MODULES = YES;
				CLANG_ENABLE_OBJC_ARC = YES;
				CLANG_ENABLE_OBJC_WEAK = YES;
				CLANG_WARN_BLOCK_CAPTURE_AUTORELEASING = YES;
				CLANG_WARN_BOOL_CONVERSION = YES;
				CLANG_WARN_COMMA = YES;
				CLANG_WARN_CONSTANT_CONVERSION = YES;
				CLANG_WARN_DEPRECATED_OBJC_IMPLEMENTATIONS = YES;
				CLANG_WARN_DIRECT_OBJC_ISA_USAGE = YES_ERROR;
				CLANG_WARN_DOCUMENTATION_COMMENTS = YES;
				CLANG_WARN_EMPTY_BODY = YES;
				CLANG_WARN_ENUM_CONVERSION = YES;
				CLANG_WARN_INFINITE_RECURSION = YES;
				CLANG_WARN_INT_CONVERSION = YES;
				CLANG_WARN_NON_LITERAL_NULL_CONVERSION = YES;
				CLANG_WARN_OBJC_IMPLICIT_RETAIN_SELF = YES;
				CLANG_WARN_OBJC_LITERAL_CONVERSION = YES;
				CLANG_WARN_OBJC_ROOT_CLASS = YES_ERROR;
				CLANG_WARN_QUOTED_INCLUDE_IN_FRAMEWORK_HEADER = YES;
				CLANG_WARN_RANGE_LOOP_ANALYSIS = YES;
				CLANG_WARN_STRICT_PROTOTYPES = YES;
				CLANG_WARN_SUSPICIOUS_MOVE = YES;
				CLANG_WARN_UNGUARDED_AVAILABILITY = YES_AGGRESSIVE;
				CLANG_WARN_UNREACHABLE_CODE = YES;
				CLANG_WARN__DUPLICATE_METHOD_MATCH = YES;
				COPY_PHASE_STRIP = NO;
				DEBUG_INFORMATION_FORMAT = dwarf;
				ENABLE_STRICT_OBJC_MSGSEND = YES;
				ENABLE_TESTABILITY = YES;
				GCC_C_LANGUAGE_STANDARD = gnu11;
				GCC_DYNAMIC_NO_PIC = NO;
				GCC_NO_COMMON_BLOCKS = YES;
				GCC_OPTIMIZATION_LEVEL = 0;
				GCC_PREPROCESSOR_DEFINITIONS = (
					"DEBUG=1",
					"$(inherited)",
				);
				GCC_WARN_64_TO_32_BIT_CONVERSION = YES;
				GCC_WARN_ABOUT_RETURN_TYPE = YES_ERROR;
				GCC_WARN_UNDECLARED_SELECTOR = YES;
				GCC_WARN_UNINITIALIZED_AUTOS = YES_AGGRESSIVE;
				GCC_WARN_UNUSED_FUNCTION = YES;
				GCC_WARN_UNUSED_VARIABLE = YES;
				IPHONEOS_DEPLOYMENT_TARGET = 16.4;
				MTL_ENABLE_DEBUG_INFO = INCLUDE_SOURCE;
				MTL_FAST_MATH = YES;
				ONLY_ACTIVE_ARCH = YES;
				SDKROOT = iphoneos;
				SWIFT_ACTIVE_COMPILATION_CONDITIONS = DEBUG;
				SWIFT_OPTIMIZATION_LEVEL = "-Onone";
			};
			name = Debug;
		};
		BE2798B22A82296D001DD471 /* Release */ = {
			isa = XCBuildConfiguration;
			buildSettings = {
				ALWAYS_SEARCH_USER_PATHS = NO;
				CLANG_ANALYZER_NONNULL = YES;
				CLANG_ANALYZER_NUMBER_OBJECT_CONVERSION = YES_AGGRESSIVE;
				CLANG_CXX_LANGUAGE_STANDARD = "gnu++20";
				CLANG_ENABLE_MODULES = YES;
				CLANG_ENABLE_OBJC_ARC = YES;
				CLANG_ENABLE_OBJC_WEAK = YES;
				CLANG_WARN_BLOCK_CAPTURE_AUTORELEASING = YES;
				CLANG_WARN_BOOL_CONVERSION = YES;
				CLANG_WARN_COMMA = YES;
				CLANG_WARN_CONSTANT_CONVERSION = YES;
				CLANG_WARN_DEPRECATED_OBJC_IMPLEMENTATIONS = YES;
				CLANG_WARN_DIRECT_OBJC_ISA_USAGE = YES_ERROR;
				CLANG_WARN_DOCUMENTATION_COMMENTS = YES;
				CLANG_WARN_EMPTY_BODY = YES;
				CLANG_WARN_ENUM_CONVERSION = YES;
				CLANG_WARN_INFINITE_RECURSION = YES;
				CLANG_WARN_INT_CONVERSION = YES;
				CLANG_WARN_NON_LITERAL_NULL_CONVERSION = YES;
				CLANG_WARN_OBJC_IMPLICIT_RETAIN_SELF = YES;
				CLANG_WARN_OBJC_LITERAL_CONVERSION = YES;
				CLANG_WARN_OBJC_ROOT_CLASS = YES_ERROR;
				CLANG_WARN_QUOTED_INCLUDE_IN_FRAMEWORK_HEADER = YES;
				CLANG_WARN_RANGE_LOOP_ANALYSIS = YES;
				CLANG_WARN_STRICT_PROTOTYPES = YES;
				CLANG_WARN_SUSPICIOUS_MOVE = YES;
				CLANG_WARN_UNGUARDED_AVAILABILITY = YES_AGGRESSIVE;
				CLANG_WARN_UNREACHABLE_CODE = YES;
				CLANG_WARN__DUPLICATE_METHOD_MATCH = YES;
				COPY_PHASE_STRIP = NO;
				DEBUG_INFORMATION_FORMAT = "dwarf-with-dsym";
				ENABLE_NS_ASSERTIONS = NO;
				ENABLE_STRICT_OBJC_MSGSEND = YES;
				GCC_C_LANGUAGE_STANDARD = gnu11;
				GCC_NO_COMMON_BLOCKS = YES;
				GCC_WARN_64_TO_32_BIT_CONVERSION = YES;
				GCC_WARN_ABOUT_RETURN_TYPE = YES_ERROR;
				GCC_WARN_UNDECLARED_SELECTOR = YES;
				GCC_WARN_UNINITIALIZED_AUTOS = YES_AGGRESSIVE;
				GCC_WARN_UNUSED_FUNCTION = YES;
				GCC_WARN_UNUSED_VARIABLE = YES;
				IPHONEOS_DEPLOYMENT_TARGET = 16.4;
				MTL_ENABLE_DEBUG_INFO = NO;
				MTL_FAST_MATH = YES;
				SDKROOT = iphoneos;
				SWIFT_COMPILATION_MODE = wholemodule;
				SWIFT_OPTIMIZATION_LEVEL = "-O";
				VALIDATE_PRODUCT = YES;
			};
			name = Release;
		};
		BE2798B42A82296D001DD471 /* Debug */ = {
			isa = XCBuildConfiguration;
			buildSettings = {
				ASSETCATALOG_COMPILER_APPICON_NAME = AppIcon;
				ASSETCATALOG_COMPILER_GLOBAL_ACCENT_COLOR_NAME = AccentColor;
				CODE_SIGN_STYLE = Automatic;
				CURRENT_PROJECT_VERSION = 1;
				DEVELOPMENT_TEAM = 7HDHR2SNR7;
				GENERATE_INFOPLIST_FILE = YES;
				INFOPLIST_FILE = "8. BeerAPI/Info.plist";
				INFOPLIST_KEY_UIApplicationSupportsIndirectInputEvents = YES;
				INFOPLIST_KEY_UILaunchStoryboardName = LaunchScreen;
				INFOPLIST_KEY_UIMainStoryboardFile = Main;
				INFOPLIST_KEY_UISupportedInterfaceOrientations_iPad = "UIInterfaceOrientationPortrait UIInterfaceOrientationPortraitUpsideDown UIInterfaceOrientationLandscapeLeft UIInterfaceOrientationLandscapeRight";
				INFOPLIST_KEY_UISupportedInterfaceOrientations_iPhone = "UIInterfaceOrientationPortrait UIInterfaceOrientationLandscapeLeft UIInterfaceOrientationLandscapeRight";
				LD_RUNPATH_SEARCH_PATHS = (
					"$(inherited)",
					"@executable_path/Frameworks",
				);
				MARKETING_VERSION = 1.0;
				PRODUCT_BUNDLE_IDENTIFIER = "com.sesac.---BeerAPI";
				PRODUCT_NAME = "$(TARGET_NAME)";
				SWIFT_EMIT_LOC_STRINGS = YES;
				SWIFT_VERSION = 5.0;
				TARGETED_DEVICE_FAMILY = "1,2";
			};
			name = Debug;
		};
		BE2798B52A82296D001DD471 /* Release */ = {
			isa = XCBuildConfiguration;
			buildSettings = {
				ASSETCATALOG_COMPILER_APPICON_NAME = AppIcon;
				ASSETCATALOG_COMPILER_GLOBAL_ACCENT_COLOR_NAME = AccentColor;
				CODE_SIGN_STYLE = Automatic;
				CURRENT_PROJECT_VERSION = 1;
				DEVELOPMENT_TEAM = 7HDHR2SNR7;
				GENERATE_INFOPLIST_FILE = YES;
				INFOPLIST_FILE = "8. BeerAPI/Info.plist";
				INFOPLIST_KEY_UIApplicationSupportsIndirectInputEvents = YES;
				INFOPLIST_KEY_UILaunchStoryboardName = LaunchScreen;
				INFOPLIST_KEY_UIMainStoryboardFile = Main;
				INFOPLIST_KEY_UISupportedInterfaceOrientations_iPad = "UIInterfaceOrientationPortrait UIInterfaceOrientationPortraitUpsideDown UIInterfaceOrientationLandscapeLeft UIInterfaceOrientationLandscapeRight";
				INFOPLIST_KEY_UISupportedInterfaceOrientations_iPhone = "UIInterfaceOrientationPortrait UIInterfaceOrientationLandscapeLeft UIInterfaceOrientationLandscapeRight";
				LD_RUNPATH_SEARCH_PATHS = (
					"$(inherited)",
					"@executable_path/Frameworks",
				);
				MARKETING_VERSION = 1.0;
				PRODUCT_BUNDLE_IDENTIFIER = "com.sesac.---BeerAPI";
				PRODUCT_NAME = "$(TARGET_NAME)";
				SWIFT_EMIT_LOC_STRINGS = YES;
				SWIFT_VERSION = 5.0;
				TARGETED_DEVICE_FAMILY = "1,2";
			};
			name = Release;
		};
/* End XCBuildConfiguration section */

/* Begin XCConfigurationList section */
		BE27989A2A82296C001DD471 /* Build configuration list for PBXProject "8. BeerAPI" */ = {
			isa = XCConfigurationList;
			buildConfigurations = (
				BE2798B12A82296D001DD471 /* Debug */,
				BE2798B22A82296D001DD471 /* Release */,
			);
			defaultConfigurationIsVisible = 0;
			defaultConfigurationName = Release;
		};
		BE2798B32A82296D001DD471 /* Build configuration list for PBXNativeTarget "8. BeerAPI" */ = {
			isa = XCConfigurationList;
			buildConfigurations = (
				BE2798B42A82296D001DD471 /* Debug */,
				BE2798B52A82296D001DD471 /* Release */,
			);
			defaultConfigurationIsVisible = 0;
			defaultConfigurationName = Release;
		};
/* End XCConfigurationList section */

/* Begin XCRemoteSwiftPackageReference section */
		BE2798B62A8229A7001DD471 /* XCRemoteSwiftPackageReference "SwiftyJSON" */ = {
			isa = XCRemoteSwiftPackageReference;
			repositoryURL = "https://github.com/SwiftyJSON/SwiftyJSON";
			requirement = {
				kind = upToNextMajorVersion;
				minimumVersion = 5.0.0;
			};
		};
		BE2798B92A8229B7001DD471 /* XCRemoteSwiftPackageReference "Alamofire" */ = {
			isa = XCRemoteSwiftPackageReference;
			repositoryURL = "https://github.com/Alamofire/Alamofire";
			requirement = {
				kind = upToNextMajorVersion;
				minimumVersion = 5.0.0;
			};
		};
		BE2798BC2A822BE6001DD471 /* XCRemoteSwiftPackageReference "Kingfisher" */ = {
			isa = XCRemoteSwiftPackageReference;
			repositoryURL = "https://github.com/onevcat/Kingfisher";
			requirement = {
				kind = upToNextMajorVersion;
				minimumVersion = 7.0.0;
			};
		};
/* End XCRemoteSwiftPackageReference section */

/* Begin XCSwiftPackageProductDependency section */
		BE2798B72A8229A7001DD471 /* SwiftyJSON */ = {
			isa = XCSwiftPackageProductDependency;
			package = BE2798B62A8229A7001DD471 /* XCRemoteSwiftPackageReference "SwiftyJSON" */;
			productName = SwiftyJSON;
		};
		BE2798BA2A8229B7001DD471 /* Alamofire */ = {
			isa = XCSwiftPackageProductDependency;
			package = BE2798B92A8229B7001DD471 /* XCRemoteSwiftPackageReference "Alamofire" */;
			productName = Alamofire;
		};
		BE2798BD2A822BE7001DD471 /* Kingfisher */ = {
			isa = XCSwiftPackageProductDependency;
			package = BE2798BC2A822BE6001DD471 /* XCRemoteSwiftPackageReference "Kingfisher" */;
			productName = Kingfisher;
		};
/* End XCSwiftPackageProductDependency section */
	};
	rootObject = BE2798972A82296C001DD471 /* Project object */;
}
