// !$*UTF8*$!
{
	archiveVersion = 1;
	classes = {
	};
	objectVersion = 56;
	objects = {

/* Begin PBXBuildFile section */
		BE52F59A2A74F3E800A6EC28 /* AppDelegate.swift in Sources */ = {isa = PBXBuildFile; fileRef = BE52F5992A74F3E800A6EC28 /* AppDelegate.swift */; };
		BE52F59C2A74F3E800A6EC28 /* SceneDelegate.swift in Sources */ = {isa = PBXBuildFile; fileRef = BE52F59B2A74F3E800A6EC28 /* SceneDelegate.swift */; };
		BE52F59E2A74F3E800A6EC28 /* ViewController.swift in Sources */ = {isa = PBXBuildFile; fileRef = BE52F59D2A74F3E800A6EC28 /* ViewController.swift */; };
		BE52F5A12A74F3E800A6EC28 /* Main.storyboard in Resources */ = {isa = PBXBuildFile; fileRef = BE52F59F2A74F3E800A6EC28 /* Main.storyboard */; };
		BE52F5A32A74F3E900A6EC28 /* Assets.xcassets in Resources */ = {isa = PBXBuildFile; fileRef = BE52F5A22A74F3E900A6EC28 /* Assets.xcassets */; };
		BE52F5A62A74F3E900A6EC28 /* LaunchScreen.storyboard in Resources */ = {isa = PBXBuildFile; fileRef = BE52F5A42A74F3E900A6EC28 /* LaunchScreen.storyboard */; };
		BE52F5B02A74F42F00A6EC28 /* MovieTableViewCell.swift in Sources */ = {isa = PBXBuildFile; fileRef = BE52F5AF2A74F42F00A6EC28 /* MovieTableViewCell.swift */; };
		BE52F5B22A74F45000A6EC28 /* MoiveTableViewController.swift in Sources */ = {isa = PBXBuildFile; fileRef = BE52F5B12A74F45000A6EC28 /* MoiveTableViewController.swift */; };
		BE52F5B42A74FE7800A6EC28 /* MovieInfo.swift in Sources */ = {isa = PBXBuildFile; fileRef = BE52F5B32A74FE7800A6EC28 /* MovieInfo.swift */; };
/* End PBXBuildFile section */

/* Begin PBXFileReference section */
		BE52F5962A74F3E800A6EC28 /* MovieTableView.app */ = {isa = PBXFileReference; explicitFileType = wrapper.application; includeInIndex = 0; path = MovieTableView.app; sourceTree = BUILT_PRODUCTS_DIR; };
		BE52F5992A74F3E800A6EC28 /* AppDelegate.swift */ = {isa = PBXFileReference; lastKnownFileType = sourcecode.swift; path = AppDelegate.swift; sourceTree = "<group>"; };
		BE52F59B2A74F3E800A6EC28 /* SceneDelegate.swift */ = {isa = PBXFileReference; lastKnownFileType = sourcecode.swift; path = SceneDelegate.swift; sourceTree = "<group>"; };
		BE52F59D2A74F3E800A6EC28 /* ViewController.swift */ = {isa = PBXFileReference; lastKnownFileType = sourcecode.swift; path = ViewController.swift; sourceTree = "<group>"; };
		BE52F5A02A74F3E800A6EC28 /* Base */ = {isa = PBXFileReference; lastKnownFileType = file.storyboard; name = Base; path = Base.lproj/Main.storyboard; sourceTree = "<group>"; };
		BE52F5A22A74F3E900A6EC28 /* Assets.xcassets */ = {isa = PBXFileReference; lastKnownFileType = folder.assetcatalog; path = Assets.xcassets; sourceTree = "<group>"; };
		BE52F5A52A74F3E900A6EC28 /* Base */ = {isa = PBXFileReference; lastKnownFileType = file.storyboard; name = Base; path = Base.lproj/LaunchScreen.storyboard; sourceTree = "<group>"; };
		BE52F5A72A74F3E900A6EC28 /* Info.plist */ = {isa = PBXFileReference; lastKnownFileType = text.plist.xml; path = Info.plist; sourceTree = "<group>"; };
		BE52F5AF2A74F42F00A6EC28 /* MovieTableViewCell.swift */ = {isa = PBXFileReference; lastKnownFileType = sourcecode.swift; path = MovieTableViewCell.swift; sourceTree = "<group>"; };
		BE52F5B12A74F45000A6EC28 /* MoiveTableViewController.swift */ = {isa = PBXFileReference; lastKnownFileType = sourcecode.swift; path = MoiveTableViewController.swift; sourceTree = "<group>"; };
		BE52F5B32A74FE7800A6EC28 /* MovieInfo.swift */ = {isa = PBXFileReference; fileEncoding = 4; lastKnownFileType = sourcecode.swift; path = MovieInfo.swift; sourceTree = "<group>"; };
/* End PBXFileReference section */

/* Begin PBXFrameworksBuildPhase section */
		BE52F5932A74F3E800A6EC28 /* Frameworks */ = {
			isa = PBXFrameworksBuildPhase;
			buildActionMask = 2147483647;
			files = (
			);
			runOnlyForDeploymentPostprocessing = 0;
		};
/* End PBXFrameworksBuildPhase section */

/* Begin PBXGroup section */
		BE52F58D2A74F3E800A6EC28 = {
			isa = PBXGroup;
			children = (
				BE52F5982A74F3E800A6EC28 /* MovieTableView */,
				BE52F5972A74F3E800A6EC28 /* Products */,
			);
			sourceTree = "<group>";
		};
		BE52F5972A74F3E800A6EC28 /* Products */ = {
			isa = PBXGroup;
			children = (
				BE52F5962A74F3E800A6EC28 /* MovieTableView.app */,
			);
			name = Products;
			sourceTree = "<group>";
		};
		BE52F5982A74F3E800A6EC28 /* MovieTableView */ = {
			isa = PBXGroup;
			children = (
				BE52F5992A74F3E800A6EC28 /* AppDelegate.swift */,
				BE52F59B2A74F3E800A6EC28 /* SceneDelegate.swift */,
				BE52F59D2A74F3E800A6EC28 /* ViewController.swift */,
				BE52F59F2A74F3E800A6EC28 /* Main.storyboard */,
				BE52F5B12A74F45000A6EC28 /* MoiveTableViewController.swift */,
				BE52F5AF2A74F42F00A6EC28 /* MovieTableViewCell.swift */,
				BE52F5B32A74FE7800A6EC28 /* MovieInfo.swift */,
				BE52F5A22A74F3E900A6EC28 /* Assets.xcassets */,
				BE52F5A42A74F3E900A6EC28 /* LaunchScreen.storyboard */,
				BE52F5A72A74F3E900A6EC28 /* Info.plist */,
			);
			path = MovieTableView;
			sourceTree = "<group>";
		};
/* End PBXGroup section */

/* Begin PBXNativeTarget section */
		BE52F5952A74F3E800A6EC28 /* MovieTableView */ = {
			isa = PBXNativeTarget;
			buildConfigurationList = BE52F5AA2A74F3E900A6EC28 /* Build configuration list for PBXNativeTarget "MovieTableView" */;
			buildPhases = (
				BE52F5922A74F3E800A6EC28 /* Sources */,
				BE52F5932A74F3E800A6EC28 /* Frameworks */,
				BE52F5942A74F3E800A6EC28 /* Resources */,
			);
			buildRules = (
			);
			dependencies = (
			);
			name = MovieTableView;
			productName = MovieTableView;
			productReference = BE52F5962A74F3E800A6EC28 /* MovieTableView.app */;
			productType = "com.apple.product-type.application";
		};
/* End PBXNativeTarget section */

/* Begin PBXProject section */
		BE52F58E2A74F3E800A6EC28 /* Project object */ = {
			isa = PBXProject;
			attributes = {
				BuildIndependentTargetsInParallel = 1;
				LastSwiftUpdateCheck = 1430;
				LastUpgradeCheck = 1430;
				TargetAttributes = {
					BE52F5952A74F3E800A6EC28 = {
						CreatedOnToolsVersion = 14.3.1;
					};
				};
			};
			buildConfigurationList = BE52F5912A74F3E800A6EC28 /* Build configuration list for PBXProject "MovieTableView" */;
			compatibilityVersion = "Xcode 14.0";
			developmentRegion = en;
			hasScannedForEncodings = 0;
			knownRegions = (
				en,
				Base,
			);
			mainGroup = BE52F58D2A74F3E800A6EC28;
			productRefGroup = BE52F5972A74F3E800A6EC28 /* Products */;
			projectDirPath = "";
			projectRoot = "";
			targets = (
				BE52F5952A74F3E800A6EC28 /* MovieTableView */,
			);
		};
/* End PBXProject section */

/* Begin PBXResourcesBuildPhase section */
		BE52F5942A74F3E800A6EC28 /* Resources */ = {
			isa = PBXResourcesBuildPhase;
			buildActionMask = 2147483647;
			files = (
				BE52F5A62A74F3E900A6EC28 /* LaunchScreen.storyboard in Resources */,
				BE52F5A32A74F3E900A6EC28 /* Assets.xcassets in Resources */,
				BE52F5A12A74F3E800A6EC28 /* Main.storyboard in Resources */,
			);
			runOnlyForDeploymentPostprocessing = 0;
		};
/* End PBXResourcesBuildPhase section */

/* Begin PBXSourcesBuildPhase section */
		BE52F5922A74F3E800A6EC28 /* Sources */ = {
			isa = PBXSourcesBuildPhase;
			buildActionMask = 2147483647;
			files = (
				BE52F5B02A74F42F00A6EC28 /* MovieTableViewCell.swift in Sources */,
				BE52F5B22A74F45000A6EC28 /* MoiveTableViewController.swift in Sources */,
				BE52F59E2A74F3E800A6EC28 /* ViewController.swift in Sources */,
				BE52F59A2A74F3E800A6EC28 /* AppDelegate.swift in Sources */,
				BE52F5B42A74FE7800A6EC28 /* MovieInfo.swift in Sources */,
				BE52F59C2A74F3E800A6EC28 /* SceneDelegate.swift in Sources */,
			);
			runOnlyForDeploymentPostprocessing = 0;
		};
/* End PBXSourcesBuildPhase section */

/* Begin PBXVariantGroup section */
		BE52F59F2A74F3E800A6EC28 /* Main.storyboard */ = {
			isa = PBXVariantGroup;
			children = (
				BE52F5A02A74F3E800A6EC28 /* Base */,
			);
			name = Main.storyboard;
			sourceTree = "<group>";
		};
		BE52F5A42A74F3E900A6EC28 /* LaunchScreen.storyboard */ = {
			isa = PBXVariantGroup;
			children = (
				BE52F5A52A74F3E900A6EC28 /* Base */,
			);
			name = LaunchScreen.storyboard;
			sourceTree = "<group>";
		};
/* End PBXVariantGroup section */

/* Begin XCBuildConfiguration section */
		BE52F5A82A74F3E900A6EC28 /* Debug */ = {
			isa = XCBuildConfiguration;
			buildSettings = {
				ALWAYS_SEARCH_USER_PATHS = NO;
				CLANG_ANALYZER_NONNULL = YES;
				CLANG_ANALYZER_NUMBER_OBJECT_CONVERSION = YES_AGGRESSIVE;
				CLANG_CXX_LANGUAGE_STANDARD = "gnu++20";
				CLANG_ENABLE_MODULES = YES;
				CLANG_ENABLE_OBJC_ARC = YES;
				CLANG_ENABLE_OBJC_WEAK = YES;
				CLANG_WARN_BLOCK_CAPTURE_AUTORELEASING = YES;
				CLANG_WARN_BOOL_CONVERSION = YES;
				CLANG_WARN_COMMA = YES;
				CLANG_WARN_CONSTANT_CONVERSION = YES;
				CLANG_WARN_DEPRECATED_OBJC_IMPLEMENTATIONS = YES;
				CLANG_WARN_DIRECT_OBJC_ISA_USAGE = YES_ERROR;
				CLANG_WARN_DOCUMENTATION_COMMENTS = YES;
				CLANG_WARN_EMPTY_BODY = YES;
				CLANG_WARN_ENUM_CONVERSION = YES;
				CLANG_WARN_INFINITE_RECURSION = YES;
				CLANG_WARN_INT_CONVERSION = YES;
				CLANG_WARN_NON_LITERAL_NULL_CONVERSION = YES;
				CLANG_WARN_OBJC_IMPLICIT_RETAIN_SELF = YES;
				CLANG_WARN_OBJC_LITERAL_CONVERSION = YES;
				CLANG_WARN_OBJC_ROOT_CLASS = YES_ERROR;
				CLANG_WARN_QUOTED_INCLUDE_IN_FRAMEWORK_HEADER = YES;
				CLANG_WARN_RANGE_LOOP_ANALYSIS = YES;
				CLANG_WARN_STRICT_PROTOTYPES = YES;
				CLANG_WARN_SUSPICIOUS_MOVE = YES;
				CLANG_WARN_UNGUARDED_AVAILABILITY = YES_AGGRESSIVE;
				CLANG_WARN_UNREACHABLE_CODE = YES;
				CLANG_WARN__DUPLICATE_METHOD_MATCH = YES;
				COPY_PHASE_STRIP = NO;
				DEBUG_INFORMATION_FORMAT = dwarf;
				ENABLE_STRICT_OBJC_MSGSEND = YES;
				ENABLE_TESTABILITY = YES;
				GCC_C_LANGUAGE_STANDARD = gnu11;
				GCC_DYNAMIC_NO_PIC = NO;
				GCC_NO_COMMON_BLOCKS = YES;
				GCC_OPTIMIZATION_LEVEL = 0;
				GCC_PREPROCESSOR_DEFINITIONS = (
					"DEBUG=1",
					"$(inherited)",
				);
				GCC_WARN_64_TO_32_BIT_CONVERSION = YES;
				GCC_WARN_ABOUT_RETURN_TYPE = YES_ERROR;
				GCC_WARN_UNDECLARED_SELECTOR = YES;
				GCC_WARN_UNINITIALIZED_AUTOS = YES_AGGRESSIVE;
				GCC_WARN_UNUSED_FUNCTION = YES;
				GCC_WARN_UNUSED_VARIABLE = YES;
				IPHONEOS_DEPLOYMENT_TARGET = 16.4;
				MTL_ENABLE_DEBUG_INFO = INCLUDE_SOURCE;
				MTL_FAST_MATH = YES;
				ONLY_ACTIVE_ARCH = YES;
				SDKROOT = iphoneos;
				SWIFT_ACTIVE_COMPILATION_CONDITIONS = DEBUG;
				SWIFT_OPTIMIZATION_LEVEL = "-Onone";
			};
			name = Debug;
		};
		BE52F5A92A74F3E900A6EC28 /* Release */ = {
			isa = XCBuildConfiguration;
			buildSettings = {
				ALWAYS_SEARCH_USER_PATHS = NO;
				CLANG_ANALYZER_NONNULL = YES;
				CLANG_ANALYZER_NUMBER_OBJECT_CONVERSION = YES_AGGRESSIVE;
				CLANG_CXX_LANGUAGE_STANDARD = "gnu++20";
				CLANG_ENABLE_MODULES = YES;
				CLANG_ENABLE_OBJC_ARC = YES;
				CLANG_ENABLE_OBJC_WEAK = YES;
				CLANG_WARN_BLOCK_CAPTURE_AUTORELEASING = YES;
				CLANG_WARN_BOOL_CONVERSION = YES;
				CLANG_WARN_COMMA = YES;
				CLANG_WARN_CONSTANT_CONVERSION = YES;
				CLANG_WARN_DEPRECATED_OBJC_IMPLEMENTATIONS = YES;
				CLANG_WARN_DIRECT_OBJC_ISA_USAGE = YES_ERROR;
				CLANG_WARN_DOCUMENTATION_COMMENTS = YES;
				CLANG_WARN_EMPTY_BODY = YES;
				CLANG_WARN_ENUM_CONVERSION = YES;
				CLANG_WARN_INFINITE_RECURSION = YES;
				CLANG_WARN_INT_CONVERSION = YES;
				CLANG_WARN_NON_LITERAL_NULL_CONVERSION = YES;
				CLANG_WARN_OBJC_IMPLICIT_RETAIN_SELF = YES;
				CLANG_WARN_OBJC_LITERAL_CONVERSION = YES;
				CLANG_WARN_OBJC_ROOT_CLASS = YES_ERROR;
				CLANG_WARN_QUOTED_INCLUDE_IN_FRAMEWORK_HEADER = YES;
				CLANG_WARN_RANGE_LOOP_ANALYSIS = YES;
				CLANG_WARN_STRICT_PROTOTYPES = YES;
				CLANG_WARN_SUSPICIOUS_MOVE = YES;
				CLANG_WARN_UNGUARDED_AVAILABILITY = YES_AGGRESSIVE;
				CLANG_WARN_UNREACHABLE_CODE = YES;
				CLANG_WARN__DUPLICATE_METHOD_MATCH = YES;
				COPY_PHASE_STRIP = NO;
				DEBUG_INFORMATION_FORMAT = "dwarf-with-dsym";
				ENABLE_NS_ASSERTIONS = NO;
				ENABLE_STRICT_OBJC_MSGSEND = YES;
				GCC_C_LANGUAGE_STANDARD = gnu11;
				GCC_NO_COMMON_BLOCKS = YES;
				GCC_WARN_64_TO_32_BIT_CONVERSION = YES;
				GCC_WARN_ABOUT_RETURN_TYPE = YES_ERROR;
				GCC_WARN_UNDECLARED_SELECTOR = YES;
				GCC_WARN_UNINITIALIZED_AUTOS = YES_AGGRESSIVE;
				GCC_WARN_UNUSED_FUNCTION = YES;
				GCC_WARN_UNUSED_VARIABLE = YES;
				IPHONEOS_DEPLOYMENT_TARGET = 16.4;
				MTL_ENABLE_DEBUG_INFO = NO;
				MTL_FAST_MATH = YES;
				SDKROOT = iphoneos;
				SWIFT_COMPILATION_MODE = wholemodule;
				SWIFT_OPTIMIZATION_LEVEL = "-O";
				VALIDATE_PRODUCT = YES;
			};
			name = Release;
		};
		BE52F5AB2A74F3E900A6EC28 /* Debug */ = {
			isa = XCBuildConfiguration;
			buildSettings = {
				ASSETCATALOG_COMPILER_APPICON_NAME = AppIcon;
				ASSETCATALOG_COMPILER_GLOBAL_ACCENT_COLOR_NAME = AccentColor;
				CODE_SIGN_STYLE = Automatic;
				CURRENT_PROJECT_VERSION = 1;
				DEVELOPMENT_TEAM = 7HDHR2SNR7;
				GENERATE_INFOPLIST_FILE = YES;
				INFOPLIST_FILE = MovieTableView/Info.plist;
				INFOPLIST_KEY_UIApplicationSupportsIndirectInputEvents = YES;
				INFOPLIST_KEY_UILaunchStoryboardName = LaunchScreen;
				INFOPLIST_KEY_UIMainStoryboardFile = Main;
				INFOPLIST_KEY_UISupportedInterfaceOrientations_iPad = "UIInterfaceOrientationPortrait UIInterfaceOrientationPortraitUpsideDown UIInterfaceOrientationLandscapeLeft UIInterfaceOrientationLandscapeRight";
				INFOPLIST_KEY_UISupportedInterfaceOrientations_iPhone = "UIInterfaceOrientationPortrait UIInterfaceOrientationLandscapeLeft UIInterfaceOrientationLandscapeRight";
				LD_RUNPATH_SEARCH_PATHS = (
					"$(inherited)",
					"@executable_path/Frameworks",
				);
				MARKETING_VERSION = 1.0;
				PRODUCT_BUNDLE_IDENTIFIER = com.sesac.MovieTableView;
				PRODUCT_NAME = "$(TARGET_NAME)";
				SWIFT_EMIT_LOC_STRINGS = YES;
				SWIFT_VERSION = 5.0;
				TARGETED_DEVICE_FAMILY = "1,2";
			};
			name = Debug;
		};
		BE52F5AC2A74F3E900A6EC28 /* Release */ = {
			isa = XCBuildConfiguration;
			buildSettings = {
				ASSETCATALOG_COMPILER_APPICON_NAME = AppIcon;
				ASSETCATALOG_COMPILER_GLOBAL_ACCENT_COLOR_NAME = AccentColor;
				CODE_SIGN_STYLE = Automatic;
				CURRENT_PROJECT_VERSION = 1;
				DEVELOPMENT_TEAM = 7HDHR2SNR7;
				GENERATE_INFOPLIST_FILE = YES;
				INFOPLIST_FILE = MovieTableView/Info.plist;
				INFOPLIST_KEY_UIApplicationSupportsIndirectInputEvents = YES;
				INFOPLIST_KEY_UILaunchStoryboardName = LaunchScreen;
				INFOPLIST_KEY_UIMainStoryboardFile = Main;
				INFOPLIST_KEY_UISupportedInterfaceOrientations_iPad = "UIInterfaceOrientationPortrait UIInterfaceOrientationPortraitUpsideDown UIInterfaceOrientationLandscapeLeft UIInterfaceOrientationLandscapeRight";
				INFOPLIST_KEY_UISupportedInterfaceOrientations_iPhone = "UIInterfaceOrientationPortrait UIInterfaceOrientationLandscapeLeft UIInterfaceOrientationLandscapeRight";
				LD_RUNPATH_SEARCH_PATHS = (
					"$(inherited)",
					"@executable_path/Frameworks",
				);
				MARKETING_VERSION = 1.0;
				PRODUCT_BUNDLE_IDENTIFIER = com.sesac.MovieTableView;
				PRODUCT_NAME = "$(TARGET_NAME)";
				SWIFT_EMIT_LOC_STRINGS = YES;
				SWIFT_VERSION = 5.0;
				TARGETED_DEVICE_FAMILY = "1,2";
			};
			name = Release;
		};
/* End XCBuildConfiguration section */

/* Begin XCConfigurationList section */
		BE52F5912A74F3E800A6EC28 /* Build configuration list for PBXProject "MovieTableView" */ = {
			isa = XCConfigurationList;
			buildConfigurations = (
				BE52F5A82A74F3E900A6EC28 /* Debug */,
				BE52F5A92A74F3E900A6EC28 /* Release */,
			);
			defaultConfigurationIsVisible = 0;
			defaultConfigurationName = Release;
		};
		BE52F5AA2A74F3E900A6EC28 /* Build configuration list for PBXNativeTarget "MovieTableView" */ = {
			isa = XCConfigurationList;
			buildConfigurations = (
				BE52F5AB2A74F3E900A6EC28 /* Debug */,
				BE52F5AC2A74F3E900A6EC28 /* Release */,
			);
			defaultConfigurationIsVisible = 0;
			defaultConfigurationName = Release;
		};
/* End XCConfigurationList section */
	};
	rootObject = BE52F58E2A74F3E800A6EC28 /* Project object */;
}
