// !$*UTF8*$!
{
	archiveVersion = 1;
	classes = {
	};
	objectVersion = 56;
	objects = {

/* Begin PBXBuildFile section */
		BEBADD2C2AB9DB5200949B57 /* AppDelegate.swift in Sources */ = {isa = PBXBuildFile; fileRef = BEBADD2B2AB9DB5200949B57 /* AppDelegate.swift */; };
		BEBADD2E2AB9DB5200949B57 /* SceneDelegate.swift in Sources */ = {isa = PBXBuildFile; fileRef = BEBADD2D2AB9DB5200949B57 /* SceneDelegate.swift */; };
		BEBADD302AB9DB5200949B57 /* ViewController.swift in Sources */ = {isa = PBXBuildFile; fileRef = BEBADD2F2AB9DB5200949B57 /* ViewController.swift */; };
		BEBADD352AB9DB5300949B57 /* Assets.xcassets in Resources */ = {isa = PBXBuildFile; fileRef = BEBADD342AB9DB5300949B57 /* Assets.xcassets */; };
		BEBADD402AB9DBF600949B57 /* BeerAPIManager.swift in Sources */ = {isa = PBXBuildFile; fileRef = BEBADD3F2AB9DBF600949B57 /* BeerAPIManager.swift */; };
		BEBADD432AB9DCCE00949B57 /* Alamofire in Frameworks */ = {isa = PBXBuildFile; productRef = BEBADD422AB9DCCE00949B57 /* Alamofire */; };
		BEBADD452AB9E04200949B57 /* Beer.swift in Sources */ = {isa = PBXBuildFile; fileRef = BEBADD442AB9E04200949B57 /* Beer.swift */; };
		BEBADD472AB9EA5200949B57 /* BeerAPI.swift in Sources */ = {isa = PBXBuildFile; fileRef = BEBADD462AB9EA5200949B57 /* BeerAPI.swift */; };
/* End PBXBuildFile section */

/* Begin PBXFileReference section */
		BEBADD282AB9DB5200949B57 /* BearAPIAbstraction.app */ = {isa = PBXFileReference; explicitFileType = wrapper.application; includeInIndex = 0; path = BearAPIAbstraction.app; sourceTree = BUILT_PRODUCTS_DIR; };
		BEBADD2B2AB9DB5200949B57 /* AppDelegate.swift */ = {isa = PBXFileReference; lastKnownFileType = sourcecode.swift; path = AppDelegate.swift; sourceTree = "<group>"; };
		BEBADD2D2AB9DB5200949B57 /* SceneDelegate.swift */ = {isa = PBXFileReference; lastKnownFileType = sourcecode.swift; path = SceneDelegate.swift; sourceTree = "<group>"; };
		BEBADD2F2AB9DB5200949B57 /* ViewController.swift */ = {isa = PBXFileReference; lastKnownFileType = sourcecode.swift; path = ViewController.swift; sourceTree = "<group>"; };
		BEBADD342AB9DB5300949B57 /* Assets.xcassets */ = {isa = PBXFileReference; lastKnownFileType = folder.assetcatalog; path = Assets.xcassets; sourceTree = "<group>"; };
		BEBADD392AB9DB5300949B57 /* Info.plist */ = {isa = PBXFileReference; lastKnownFileType = text.plist.xml; path = Info.plist; sourceTree = "<group>"; };
		BEBADD3F2AB9DBF600949B57 /* BeerAPIManager.swift */ = {isa = PBXFileReference; lastKnownFileType = sourcecode.swift; path = BeerAPIManager.swift; sourceTree = "<group>"; };
		BEBADD442AB9E04200949B57 /* Beer.swift */ = {isa = PBXFileReference; lastKnownFileType = sourcecode.swift; path = Beer.swift; sourceTree = "<group>"; };
		BEBADD462AB9EA5200949B57 /* BeerAPI.swift */ = {isa = PBXFileReference; lastKnownFileType = sourcecode.swift; path = BeerAPI.swift; sourceTree = "<group>"; };
/* End PBXFileReference section */

/* Begin PBXFrameworksBuildPhase section */
		BEBADD252AB9DB5200949B57 /* Frameworks */ = {
			isa = PBXFrameworksBuildPhase;
			buildActionMask = 2147483647;
			files = (
				BEBADD432AB9DCCE00949B57 /* Alamofire in Frameworks */,
			);
			runOnlyForDeploymentPostprocessing = 0;
		};
/* End PBXFrameworksBuildPhase section */

/* Begin PBXGroup section */
		BEBADD1F2AB9DB5200949B57 = {
			isa = PBXGroup;
			children = (
				BEBADD2A2AB9DB5200949B57 /* BearAPIAbstraction */,
				BEBADD292AB9DB5200949B57 /* Products */,
			);
			sourceTree = "<group>";
		};
		BEBADD292AB9DB5200949B57 /* Products */ = {
			isa = PBXGroup;
			children = (
				BEBADD282AB9DB5200949B57 /* BearAPIAbstraction.app */,
			);
			name = Products;
			sourceTree = "<group>";
		};
		BEBADD2A2AB9DB5200949B57 /* BearAPIAbstraction */ = {
			isa = PBXGroup;
			children = (
				BEBADD2B2AB9DB5200949B57 /* AppDelegate.swift */,
				BEBADD2D2AB9DB5200949B57 /* SceneDelegate.swift */,
				BEBADD2F2AB9DB5200949B57 /* ViewController.swift */,
				BEBADD462AB9EA5200949B57 /* BeerAPI.swift */,
				BEBADD3F2AB9DBF600949B57 /* BeerAPIManager.swift */,
				BEBADD342AB9DB5300949B57 /* Assets.xcassets */,
				BEBADD392AB9DB5300949B57 /* Info.plist */,
				BEBADD442AB9E04200949B57 /* Beer.swift */,
			);
			path = BearAPIAbstraction;
			sourceTree = "<group>";
		};
/* End PBXGroup section */

/* Begin PBXNativeTarget section */
		BEBADD272AB9DB5200949B57 /* BearAPIAbstraction */ = {
			isa = PBXNativeTarget;
			buildConfigurationList = BEBADD3C2AB9DB5300949B57 /* Build configuration list for PBXNativeTarget "BearAPIAbstraction" */;
			buildPhases = (
				BEBADD242AB9DB5200949B57 /* Sources */,
				BEBADD252AB9DB5200949B57 /* Frameworks */,
				BEBADD262AB9DB5200949B57 /* Resources */,
			);
			buildRules = (
			);
			dependencies = (
			);
			name = BearAPIAbstraction;
			packageProductDependencies = (
				BEBADD422AB9DCCE00949B57 /* Alamofire */,
			);
			productName = BearAPIAbstraction;
			productReference = BEBADD282AB9DB5200949B57 /* BearAPIAbstraction.app */;
			productType = "com.apple.product-type.application";
		};
/* End PBXNativeTarget section */

/* Begin PBXProject section */
		BEBADD202AB9DB5200949B57 /* Project object */ = {
			isa = PBXProject;
			attributes = {
				BuildIndependentTargetsInParallel = 1;
				LastSwiftUpdateCheck = 1430;
				LastUpgradeCheck = 1430;
				TargetAttributes = {
					BEBADD272AB9DB5200949B57 = {
						CreatedOnToolsVersion = 14.3.1;
					};
				};
			};
			buildConfigurationList = BEBADD232AB9DB5200949B57 /* Build configuration list for PBXProject "BearAPIAbstraction" */;
			compatibilityVersion = "Xcode 14.0";
			developmentRegion = en;
			hasScannedForEncodings = 0;
			knownRegions = (
				en,
				Base,
			);
			mainGroup = BEBADD1F2AB9DB5200949B57;
			packageReferences = (
				BEBADD412AB9DCCE00949B57 /* XCRemoteSwiftPackageReference "Alamofire" */,
			);
			productRefGroup = BEBADD292AB9DB5200949B57 /* Products */;
			projectDirPath = "";
			projectRoot = "";
			targets = (
				BEBADD272AB9DB5200949B57 /* BearAPIAbstraction */,
			);
		};
/* End PBXProject section */

/* Begin PBXResourcesBuildPhase section */
		BEBADD262AB9DB5200949B57 /* Resources */ = {
			isa = PBXResourcesBuildPhase;
			buildActionMask = 2147483647;
			files = (
				BEBADD352AB9DB5300949B57 /* Assets.xcassets in Resources */,
			);
			runOnlyForDeploymentPostprocessing = 0;
		};
/* End PBXResourcesBuildPhase section */

/* Begin PBXSourcesBuildPhase section */
		BEBADD242AB9DB5200949B57 /* Sources */ = {
			isa = PBXSourcesBuildPhase;
			buildActionMask = 2147483647;
			files = (
				BEBADD402AB9DBF600949B57 /* BeerAPIManager.swift in Sources */,
				BEBADD302AB9DB5200949B57 /* ViewController.swift in Sources */,
				BEBADD472AB9EA5200949B57 /* BeerAPI.swift in Sources */,
				BEBADD452AB9E04200949B57 /* Beer.swift in Sources */,
				BEBADD2C2AB9DB5200949B57 /* AppDelegate.swift in Sources */,
				BEBADD2E2AB9DB5200949B57 /* SceneDelegate.swift in Sources */,
			);
			runOnlyForDeploymentPostprocessing = 0;
		};
/* End PBXSourcesBuildPhase section */

/* Begin XCBuildConfiguration section */
		BEBADD3A2AB9DB5300949B57 /* Debug */ = {
			isa = XCBuildConfiguration;
			buildSettings = {
				ALWAYS_SEARCH_USER_PATHS = NO;
				CLANG_ANALYZER_NONNULL = YES;
				CLANG_ANALYZER_NUMBER_OBJECT_CONVERSION = YES_AGGRESSIVE;
				CLANG_CXX_LANGUAGE_STANDARD = "gnu++20";
				CLANG_ENABLE_MODULES = YES;
				CLANG_ENABLE_OBJC_ARC = YES;
				CLANG_ENABLE_OBJC_WEAK = YES;
				CLANG_WARN_BLOCK_CAPTURE_AUTORELEASING = YES;
				CLANG_WARN_BOOL_CONVERSION = YES;
				CLANG_WARN_COMMA = YES;
				CLANG_WARN_CONSTANT_CONVERSION = YES;
				CLANG_WARN_DEPRECATED_OBJC_IMPLEMENTATIONS = YES;
				CLANG_WARN_DIRECT_OBJC_ISA_USAGE = YES_ERROR;
				CLANG_WARN_DOCUMENTATION_COMMENTS = YES;
				CLANG_WARN_EMPTY_BODY = YES;
				CLANG_WARN_ENUM_CONVERSION = YES;
				CLANG_WARN_INFINITE_RECURSION = YES;
				CLANG_WARN_INT_CONVERSION = YES;
				CLANG_WARN_NON_LITERAL_NULL_CONVERSION = YES;
				CLANG_WARN_OBJC_IMPLICIT_RETAIN_SELF = YES;
				CLANG_WARN_OBJC_LITERAL_CONVERSION = YES;
				CLANG_WARN_OBJC_ROOT_CLASS = YES_ERROR;
				CLANG_WARN_QUOTED_INCLUDE_IN_FRAMEWORK_HEADER = YES;
				CLANG_WARN_RANGE_LOOP_ANALYSIS = YES;
				CLANG_WARN_STRICT_PROTOTYPES = YES;
				CLANG_WARN_SUSPICIOUS_MOVE = YES;
				CLANG_WARN_UNGUARDED_AVAILABILITY = YES_AGGRESSIVE;
				CLANG_WARN_UNREACHABLE_CODE = YES;
				CLANG_WARN__DUPLICATE_METHOD_MATCH = YES;
				COPY_PHASE_STRIP = NO;
				DEBUG_INFORMATION_FORMAT = dwarf;
				ENABLE_STRICT_OBJC_MSGSEND = YES;
				ENABLE_TESTABILITY = YES;
				GCC_C_LANGUAGE_STANDARD = gnu11;
				GCC_DYNAMIC_NO_PIC = NO;
				GCC_NO_COMMON_BLOCKS = YES;
				GCC_OPTIMIZATION_LEVEL = 0;
				GCC_PREPROCESSOR_DEFINITIONS = (
					"DEBUG=1",
					"$(inherited)",
				);
				GCC_WARN_64_TO_32_BIT_CONVERSION = YES;
				GCC_WARN_ABOUT_RETURN_TYPE = YES_ERROR;
				GCC_WARN_UNDECLARED_SELECTOR = YES;
				GCC_WARN_UNINITIALIZED_AUTOS = YES_AGGRESSIVE;
				GCC_WARN_UNUSED_FUNCTION = YES;
				GCC_WARN_UNUSED_VARIABLE = YES;
				IPHONEOS_DEPLOYMENT_TARGET = 16.4;
				MTL_ENABLE_DEBUG_INFO = INCLUDE_SOURCE;
				MTL_FAST_MATH = YES;
				ONLY_ACTIVE_ARCH = YES;
				SDKROOT = iphoneos;
				SWIFT_ACTIVE_COMPILATION_CONDITIONS = DEBUG;
				SWIFT_OPTIMIZATION_LEVEL = "-Onone";
			};
			name = Debug;
		};
		BEBADD3B2AB9DB5300949B57 /* Release */ = {
			isa = XCBuildConfiguration;
			buildSettings = {
				ALWAYS_SEARCH_USER_PATHS = NO;
				CLANG_ANALYZER_NONNULL = YES;
				CLANG_ANALYZER_NUMBER_OBJECT_CONVERSION = YES_AGGRESSIVE;
				CLANG_CXX_LANGUAGE_STANDARD = "gnu++20";
				CLANG_ENABLE_MODULES = YES;
				CLANG_ENABLE_OBJC_ARC = YES;
				CLANG_ENABLE_OBJC_WEAK = YES;
				CLANG_WARN_BLOCK_CAPTURE_AUTORELEASING = YES;
				CLANG_WARN_BOOL_CONVERSION = YES;
				CLANG_WARN_COMMA = YES;
				CLANG_WARN_CONSTANT_CONVERSION = YES;
				CLANG_WARN_DEPRECATED_OBJC_IMPLEMENTATIONS = YES;
				CLANG_WARN_DIRECT_OBJC_ISA_USAGE = YES_ERROR;
				CLANG_WARN_DOCUMENTATION_COMMENTS = YES;
				CLANG_WARN_EMPTY_BODY = YES;
				CLANG_WARN_ENUM_CONVERSION = YES;
				CLANG_WARN_INFINITE_RECURSION = YES;
				CLANG_WARN_INT_CONVERSION = YES;
				CLANG_WARN_NON_LITERAL_NULL_CONVERSION = YES;
				CLANG_WARN_OBJC_IMPLICIT_RETAIN_SELF = YES;
				CLANG_WARN_OBJC_LITERAL_CONVERSION = YES;
				CLANG_WARN_OBJC_ROOT_CLASS = YES_ERROR;
				CLANG_WARN_QUOTED_INCLUDE_IN_FRAMEWORK_HEADER = YES;
				CLANG_WARN_RANGE_LOOP_ANALYSIS = YES;
				CLANG_WARN_STRICT_PROTOTYPES = YES;
				CLANG_WARN_SUSPICIOUS_MOVE = YES;
				CLANG_WARN_UNGUARDED_AVAILABILITY = YES_AGGRESSIVE;
				CLANG_WARN_UNREACHABLE_CODE = YES;
				CLANG_WARN__DUPLICATE_METHOD_MATCH = YES;
				COPY_PHASE_STRIP = NO;
				DEBUG_INFORMATION_FORMAT = "dwarf-with-dsym";
				ENABLE_NS_ASSERTIONS = NO;
				ENABLE_STRICT_OBJC_MSGSEND = YES;
				GCC_C_LANGUAGE_STANDARD = gnu11;
				GCC_NO_COMMON_BLOCKS = YES;
				GCC_WARN_64_TO_32_BIT_CONVERSION = YES;
				GCC_WARN_ABOUT_RETURN_TYPE = YES_ERROR;
				GCC_WARN_UNDECLARED_SELECTOR = YES;
				GCC_WARN_UNINITIALIZED_AUTOS = YES_AGGRESSIVE;
				GCC_WARN_UNUSED_FUNCTION = YES;
				GCC_WARN_UNUSED_VARIABLE = YES;
				IPHONEOS_DEPLOYMENT_TARGET = 16.4;
				MTL_ENABLE_DEBUG_INFO = NO;
				MTL_FAST_MATH = YES;
				SDKROOT = iphoneos;
				SWIFT_COMPILATION_MODE = wholemodule;
				SWIFT_OPTIMIZATION_LEVEL = "-O";
				VALIDATE_PRODUCT = YES;
			};
			name = Release;
		};
		BEBADD3D2AB9DB5300949B57 /* Debug */ = {
			isa = XCBuildConfiguration;
			buildSettings = {
				ASSETCATALOG_COMPILER_APPICON_NAME = AppIcon;
				ASSETCATALOG_COMPILER_GLOBAL_ACCENT_COLOR_NAME = AccentColor;
				CODE_SIGN_STYLE = Automatic;
				CURRENT_PROJECT_VERSION = 1;
				DEVELOPMENT_TEAM = 7HDHR2SNR7;
				GENERATE_INFOPLIST_FILE = YES;
				INFOPLIST_FILE = BearAPIAbstraction/Info.plist;
				INFOPLIST_KEY_UIApplicationSupportsIndirectInputEvents = YES;
				INFOPLIST_KEY_UILaunchStoryboardName = LaunchScreen;
				INFOPLIST_KEY_UISupportedInterfaceOrientations_iPad = "UIInterfaceOrientationPortrait UIInterfaceOrientationPortraitUpsideDown UIInterfaceOrientationLandscapeLeft UIInterfaceOrientationLandscapeRight";
				INFOPLIST_KEY_UISupportedInterfaceOrientations_iPhone = "UIInterfaceOrientationPortrait UIInterfaceOrientationLandscapeLeft UIInterfaceOrientationLandscapeRight";
				LD_RUNPATH_SEARCH_PATHS = (
					"$(inherited)",
					"@executable_path/Frameworks",
				);
				MARKETING_VERSION = 1.0;
				PRODUCT_BUNDLE_IDENTIFIER = com.lyoodong.BearAPIAbstraction;
				PRODUCT_NAME = "$(TARGET_NAME)";
				SWIFT_EMIT_LOC_STRINGS = YES;
				SWIFT_VERSION = 5.0;
				TARGETED_DEVICE_FAMILY = "1,2";
			};
			name = Debug;
		};
		BEBADD3E2AB9DB5300949B57 /* Release */ = {
			isa = XCBuildConfiguration;
			buildSettings = {
				ASSETCATALOG_COMPILER_APPICON_NAME = AppIcon;
				ASSETCATALOG_COMPILER_GLOBAL_ACCENT_COLOR_NAME = AccentColor;
				CODE_SIGN_STYLE = Automatic;
				CURRENT_PROJECT_VERSION = 1;
				DEVELOPMENT_TEAM = 7HDHR2SNR7;
				GENERATE_INFOPLIST_FILE = YES;
				INFOPLIST_FILE = BearAPIAbstraction/Info.plist;
				INFOPLIST_KEY_UIApplicationSupportsIndirectInputEvents = YES;
				INFOPLIST_KEY_UILaunchStoryboardName = LaunchScreen;
				INFOPLIST_KEY_UISupportedInterfaceOrientations_iPad = "UIInterfaceOrientationPortrait UIInterfaceOrientationPortraitUpsideDown UIInterfaceOrientationLandscapeLeft UIInterfaceOrientationLandscapeRight";
				INFOPLIST_KEY_UISupportedInterfaceOrientations_iPhone = "UIInterfaceOrientationPortrait UIInterfaceOrientationLandscapeLeft UIInterfaceOrientationLandscapeRight";
				LD_RUNPATH_SEARCH_PATHS = (
					"$(inherited)",
					"@executable_path/Frameworks",
				);
				MARKETING_VERSION = 1.0;
				PRODUCT_BUNDLE_IDENTIFIER = com.lyoodong.BearAPIAbstraction;
				PRODUCT_NAME = "$(TARGET_NAME)";
				SWIFT_EMIT_LOC_STRINGS = YES;
				SWIFT_VERSION = 5.0;
				TARGETED_DEVICE_FAMILY = "1,2";
			};
			name = Release;
		};
/* End XCBuildConfiguration section */

/* Begin XCConfigurationList section */
		BEBADD232AB9DB5200949B57 /* Build configuration list for PBXProject "BearAPIAbstraction" */ = {
			isa = XCConfigurationList;
			buildConfigurations = (
				BEBADD3A2AB9DB5300949B57 /* Debug */,
				BEBADD3B2AB9DB5300949B57 /* Release */,
			);
			defaultConfigurationIsVisible = 0;
			defaultConfigurationName = Release;
		};
		BEBADD3C2AB9DB5300949B57 /* Build configuration list for PBXNativeTarget "BearAPIAbstraction" */ = {
			isa = XCConfigurationList;
			buildConfigurations = (
				BEBADD3D2AB9DB5300949B57 /* Debug */,
				BEBADD3E2AB9DB5300949B57 /* Release */,
			);
			defaultConfigurationIsVisible = 0;
			defaultConfigurationName = Release;
		};
/* End XCConfigurationList section */

/* Begin XCRemoteSwiftPackageReference section */
		BEBADD412AB9DCCE00949B57 /* XCRemoteSwiftPackageReference "Alamofire" */ = {
			isa = XCRemoteSwiftPackageReference;
			repositoryURL = "https://github.com/Alamofire/Alamofire";
			requirement = {
				kind = upToNextMajorVersion;
				minimumVersion = 5.0.0;
			};
		};
/* End XCRemoteSwiftPackageReference section */

/* Begin XCSwiftPackageProductDependency section */
		BEBADD422AB9DCCE00949B57 /* Alamofire */ = {
			isa = XCSwiftPackageProductDependency;
			package = BEBADD412AB9DCCE00949B57 /* XCRemoteSwiftPackageReference "Alamofire" */;
			productName = Alamofire;
		};
/* End XCSwiftPackageProductDependency section */
	};
	rootObject = BEBADD202AB9DB5200949B57 /* Project object */;
}
