// !$*UTF8*$!
{
	archiveVersion = 1;
	classes = {
	};
	objectVersion = 56;
	objects = {

/* Begin PBXBuildFile section */
		BEA65CA52A867FEF00311786 /* ReusableViewProtocol.swift in Sources */ = {isa = PBXBuildFile; fileRef = BEA65CA42A867FEF00311786 /* ReusableViewProtocol.swift */; };
		BEA65CA72A8685EA00311786 /* Ext + UIFont.swift in Sources */ = {isa = PBXBuildFile; fileRef = BEA65CA62A8685EA00311786 /* Ext + UIFont.swift */; };
		BEA65CA92A8686DE00311786 /* Model.swift in Sources */ = {isa = PBXBuildFile; fileRef = BEA65CA82A8686DE00311786 /* Model.swift */; };
		BEA65CAB2A868BC700311786 /* APIKey.swift in Sources */ = {isa = PBXBuildFile; fileRef = BEA65CAA2A868BC700311786 /* APIKey.swift */; };
		BEA65CAE2A86A4DD00311786 /* Kingfisher in Frameworks */ = {isa = PBXBuildFile; productRef = BEA65CAD2A86A4DD00311786 /* Kingfisher */; };
		BEB8D7882A8654030095E23C /* AppDelegate.swift in Sources */ = {isa = PBXBuildFile; fileRef = BEB8D7872A8654030095E23C /* AppDelegate.swift */; };
		BEB8D78A2A8654030095E23C /* SceneDelegate.swift in Sources */ = {isa = PBXBuildFile; fileRef = BEB8D7892A8654030095E23C /* SceneDelegate.swift */; };
		BEB8D78C2A8654030095E23C /* MainViewController.swift in Sources */ = {isa = PBXBuildFile; fileRef = BEB8D78B2A8654030095E23C /* MainViewController.swift */; };
		BEB8D78F2A8654030095E23C /* Main.storyboard in Resources */ = {isa = PBXBuildFile; fileRef = BEB8D78D2A8654030095E23C /* Main.storyboard */; };
		BEB8D7912A8654050095E23C /* Assets.xcassets in Resources */ = {isa = PBXBuildFile; fileRef = BEB8D7902A8654050095E23C /* Assets.xcassets */; };
		BEB8D7942A8654050095E23C /* LaunchScreen.storyboard in Resources */ = {isa = PBXBuildFile; fileRef = BEB8D7922A8654050095E23C /* LaunchScreen.storyboard */; };
		BEB8D79D2A8654150095E23C /* Alamofire in Frameworks */ = {isa = PBXBuildFile; productRef = BEB8D79C2A8654150095E23C /* Alamofire */; };
		BEB8D7A02A8654220095E23C /* SwiftyJSON in Frameworks */ = {isa = PBXBuildFile; productRef = BEB8D79F2A8654220095E23C /* SwiftyJSON */; };
		BEB8D7A32A8676EB0095E23C /* MainTableViewCell.swift in Sources */ = {isa = PBXBuildFile; fileRef = BEB8D7A12A8676EB0095E23C /* MainTableViewCell.swift */; };
		BEB8D7A42A8676EB0095E23C /* MainTableViewCell.xib in Resources */ = {isa = PBXBuildFile; fileRef = BEB8D7A22A8676EB0095E23C /* MainTableViewCell.xib */; };
		BEB8D7AC2A86776B0095E23C /* DetailViewController.swift in Sources */ = {isa = PBXBuildFile; fileRef = BEB8D7AB2A86776B0095E23C /* DetailViewController.swift */; };
		BEB8D7B22A8677AE0095E23C /* DetailCollectionViewCell.swift in Sources */ = {isa = PBXBuildFile; fileRef = BEB8D7B02A8677AE0095E23C /* DetailCollectionViewCell.swift */; };
		BEB8D7B32A8677AE0095E23C /* DetailCollectionViewCell.xib in Resources */ = {isa = PBXBuildFile; fileRef = BEB8D7B12A8677AE0095E23C /* DetailCollectionViewCell.xib */; };
/* End PBXBuildFile section */

/* Begin PBXFileReference section */
		BEA65CA42A867FEF00311786 /* ReusableViewProtocol.swift */ = {isa = PBXFileReference; lastKnownFileType = sourcecode.swift; path = ReusableViewProtocol.swift; sourceTree = "<group>"; };
		BEA65CA62A8685EA00311786 /* Ext + UIFont.swift */ = {isa = PBXFileReference; lastKnownFileType = sourcecode.swift; path = "Ext + UIFont.swift"; sourceTree = "<group>"; };
		BEA65CA82A8686DE00311786 /* Model.swift */ = {isa = PBXFileReference; lastKnownFileType = sourcecode.swift; path = Model.swift; sourceTree = "<group>"; };
		BEA65CAA2A868BC700311786 /* APIKey.swift */ = {isa = PBXFileReference; lastKnownFileType = sourcecode.swift; path = APIKey.swift; sourceTree = "<group>"; };
		BEB8D7842A8654030095E23C /* 10. MediaProject.app */ = {isa = PBXFileReference; explicitFileType = wrapper.application; includeInIndex = 0; path = "10. MediaProject.app"; sourceTree = BUILT_PRODUCTS_DIR; };
		BEB8D7872A8654030095E23C /* AppDelegate.swift */ = {isa = PBXFileReference; lastKnownFileType = sourcecode.swift; path = AppDelegate.swift; sourceTree = "<group>"; };
		BEB8D7892A8654030095E23C /* SceneDelegate.swift */ = {isa = PBXFileReference; lastKnownFileType = sourcecode.swift; path = SceneDelegate.swift; sourceTree = "<group>"; };
		BEB8D78B2A8654030095E23C /* MainViewController.swift */ = {isa = PBXFileReference; lastKnownFileType = sourcecode.swift; path = MainViewController.swift; sourceTree = "<group>"; };
		BEB8D78E2A8654030095E23C /* Base */ = {isa = PBXFileReference; lastKnownFileType = file.storyboard; name = Base; path = Base.lproj/Main.storyboard; sourceTree = "<group>"; };
		BEB8D7902A8654050095E23C /* Assets.xcassets */ = {isa = PBXFileReference; lastKnownFileType = folder.assetcatalog; path = Assets.xcassets; sourceTree = "<group>"; };
		BEB8D7932A8654050095E23C /* Base */ = {isa = PBXFileReference; lastKnownFileType = file.storyboard; name = Base; path = Base.lproj/LaunchScreen.storyboard; sourceTree = "<group>"; };
		BEB8D7952A8654050095E23C /* Info.plist */ = {isa = PBXFileReference; lastKnownFileType = text.plist.xml; path = Info.plist; sourceTree = "<group>"; };
		BEB8D7A12A8676EB0095E23C /* MainTableViewCell.swift */ = {isa = PBXFileReference; lastKnownFileType = sourcecode.swift; path = MainTableViewCell.swift; sourceTree = "<group>"; };
		BEB8D7A22A8676EB0095E23C /* MainTableViewCell.xib */ = {isa = PBXFileReference; lastKnownFileType = file.xib; path = MainTableViewCell.xib; sourceTree = "<group>"; };
		BEB8D7AB2A86776B0095E23C /* DetailViewController.swift */ = {isa = PBXFileReference; lastKnownFileType = sourcecode.swift; path = DetailViewController.swift; sourceTree = "<group>"; };
		BEB8D7B02A8677AE0095E23C /* DetailCollectionViewCell.swift */ = {isa = PBXFileReference; lastKnownFileType = sourcecode.swift; path = DetailCollectionViewCell.swift; sourceTree = "<group>"; };
		BEB8D7B12A8677AE0095E23C /* DetailCollectionViewCell.xib */ = {isa = PBXFileReference; lastKnownFileType = file.xib; path = DetailCollectionViewCell.xib; sourceTree = "<group>"; };
/* End PBXFileReference section */

/* Begin PBXFrameworksBuildPhase section */
		BEB8D7812A8654030095E23C /* Frameworks */ = {
			isa = PBXFrameworksBuildPhase;
			buildActionMask = 2147483647;
			files = (
				BEA65CAE2A86A4DD00311786 /* Kingfisher in Frameworks */,
				BEB8D7A02A8654220095E23C /* SwiftyJSON in Frameworks */,
				BEB8D79D2A8654150095E23C /* Alamofire in Frameworks */,
			);
			runOnlyForDeploymentPostprocessing = 0;
		};
/* End PBXFrameworksBuildPhase section */

/* Begin PBXGroup section */
		BEB8D77B2A8654030095E23C = {
			isa = PBXGroup;
			children = (
				BEB8D7862A8654030095E23C /* 10. MediaProject */,
				BEB8D7852A8654030095E23C /* Products */,
			);
			sourceTree = "<group>";
		};
		BEB8D7852A8654030095E23C /* Products */ = {
			isa = PBXGroup;
			children = (
				BEB8D7842A8654030095E23C /* 10. MediaProject.app */,
			);
			name = Products;
			sourceTree = "<group>";
		};
		BEB8D7862A8654030095E23C /* 10. MediaProject */ = {
			isa = PBXGroup;
			children = (
				BEB8D7A62A86770A0095E23C /* Data */,
				BEB8D7A52A8677030095E23C /* Scene */,
				BEB8D7952A8654050095E23C /* Info.plist */,
				BEA65CA42A867FEF00311786 /* ReusableViewProtocol.swift */,
			);
			path = "10. MediaProject";
			sourceTree = "<group>";
		};
		BEB8D7A52A8677030095E23C /* Scene */ = {
			isa = PBXGroup;
			children = (
				BEB8D7A72A8677190095E23C /* Global */,
				BEB8D7A92A86772B0095E23C /* Detail */,
				BEB8D7A82A8677280095E23C /* Main */,
			);
			path = Scene;
			sourceTree = "<group>";
		};
		BEB8D7A62A86770A0095E23C /* Data */ = {
			isa = PBXGroup;
			children = (
				BEA65CA82A8686DE00311786 /* Model.swift */,
				BEA65CAA2A868BC700311786 /* APIKey.swift */,
			);
			path = Data;
			sourceTree = "<group>";
		};
		BEB8D7A72A8677190095E23C /* Global */ = {
			isa = PBXGroup;
			children = (
				BEB8D78D2A8654030095E23C /* Main.storyboard */,
				BEB8D7902A8654050095E23C /* Assets.xcassets */,
				BEB8D7922A8654050095E23C /* LaunchScreen.storyboard */,
				BEB8D7872A8654030095E23C /* AppDelegate.swift */,
				BEB8D7892A8654030095E23C /* SceneDelegate.swift */,
				BEA65CA62A8685EA00311786 /* Ext + UIFont.swift */,
			);
			path = Global;
			sourceTree = "<group>";
		};
		BEB8D7A82A8677280095E23C /* Main */ = {
			isa = PBXGroup;
			children = (
				BEB8D78B2A8654030095E23C /* MainViewController.swift */,
				BEB8D7AA2A86774E0095E23C /* Cell */,
			);
			path = Main;
			sourceTree = "<group>";
		};
		BEB8D7A92A86772B0095E23C /* Detail */ = {
			isa = PBXGroup;
			children = (
				BEB8D7AB2A86776B0095E23C /* DetailViewController.swift */,
				BEB8D7AF2A8677800095E23C /* Cell */,
			);
			path = Detail;
			sourceTree = "<group>";
		};
		BEB8D7AA2A86774E0095E23C /* Cell */ = {
			isa = PBXGroup;
			children = (
				BEB8D7A12A8676EB0095E23C /* MainTableViewCell.swift */,
				BEB8D7A22A8676EB0095E23C /* MainTableViewCell.xib */,
			);
			path = Cell;
			sourceTree = "<group>";
		};
		BEB8D7AF2A8677800095E23C /* Cell */ = {
			isa = PBXGroup;
			children = (
				BEB8D7B02A8677AE0095E23C /* DetailCollectionViewCell.swift */,
				BEB8D7B12A8677AE0095E23C /* DetailCollectionViewCell.xib */,
			);
			path = Cell;
			sourceTree = "<group>";
		};
/* End PBXGroup section */

/* Begin PBXNativeTarget section */
		BEB8D7832A8654030095E23C /* 10. MediaProject */ = {
			isa = PBXNativeTarget;
			buildConfigurationList = BEB8D7982A8654050095E23C /* Build configuration list for PBXNativeTarget "10. MediaProject" */;
			buildPhases = (
				BEB8D7802A8654030095E23C /* Sources */,
				BEB8D7812A8654030095E23C /* Frameworks */,
				BEB8D7822A8654030095E23C /* Resources */,
			);
			buildRules = (
			);
			dependencies = (
			);
			name = "10. MediaProject";
			packageProductDependencies = (
				BEB8D79C2A8654150095E23C /* Alamofire */,
				BEB8D79F2A8654220095E23C /* SwiftyJSON */,
				BEA65CAD2A86A4DD00311786 /* Kingfisher */,
			);
			productName = "10. MediaProject";
			productReference = BEB8D7842A8654030095E23C /* 10. MediaProject.app */;
			productType = "com.apple.product-type.application";
		};
/* End PBXNativeTarget section */

/* Begin PBXProject section */
		BEB8D77C2A8654030095E23C /* Project object */ = {
			isa = PBXProject;
			attributes = {
				BuildIndependentTargetsInParallel = 1;
				LastSwiftUpdateCheck = 1430;
				LastUpgradeCheck = 1430;
				TargetAttributes = {
					BEB8D7832A8654030095E23C = {
						CreatedOnToolsVersion = 14.3.1;
					};
				};
			};
			buildConfigurationList = BEB8D77F2A8654030095E23C /* Build configuration list for PBXProject "10. MediaProject" */;
			compatibilityVersion = "Xcode 14.0";
			developmentRegion = en;
			hasScannedForEncodings = 0;
			knownRegions = (
				en,
				Base,
			);
			mainGroup = BEB8D77B2A8654030095E23C;
			packageReferences = (
				BEB8D79B2A8654150095E23C /* XCRemoteSwiftPackageReference "Alamofire" */,
				BEB8D79E2A8654220095E23C /* XCRemoteSwiftPackageReference "SwiftyJSON" */,
				BEA65CAC2A86A4DD00311786 /* XCRemoteSwiftPackageReference "Kingfisher" */,
			);
			productRefGroup = BEB8D7852A8654030095E23C /* Products */;
			projectDirPath = "";
			projectRoot = "";
			targets = (
				BEB8D7832A8654030095E23C /* 10. MediaProject */,
			);
		};
/* End PBXProject section */

/* Begin PBXResourcesBuildPhase section */
		BEB8D7822A8654030095E23C /* Resources */ = {
			isa = PBXResourcesBuildPhase;
			buildActionMask = 2147483647;
			files = (
				BEB8D7942A8654050095E23C /* LaunchScreen.storyboard in Resources */,
				BEB8D7912A8654050095E23C /* Assets.xcassets in Resources */,
				BEB8D7A42A8676EB0095E23C /* MainTableViewCell.xib in Resources */,
				BEB8D78F2A8654030095E23C /* Main.storyboard in Resources */,
				BEB8D7B32A8677AE0095E23C /* DetailCollectionViewCell.xib in Resources */,
			);
			runOnlyForDeploymentPostprocessing = 0;
		};
/* End PBXResourcesBuildPhase section */

/* Begin PBXSourcesBuildPhase section */
		BEB8D7802A8654030095E23C /* Sources */ = {
			isa = PBXSourcesBuildPhase;
			buildActionMask = 2147483647;
			files = (
				BEA65CA92A8686DE00311786 /* Model.swift in Sources */,
				BEB8D78C2A8654030095E23C /* MainViewController.swift in Sources */,
				BEB8D7882A8654030095E23C /* AppDelegate.swift in Sources */,
				BEB8D7AC2A86776B0095E23C /* DetailViewController.swift in Sources */,
				BEB8D7A32A8676EB0095E23C /* MainTableViewCell.swift in Sources */,
				BEA65CA52A867FEF00311786 /* ReusableViewProtocol.swift in Sources */,
				BEB8D78A2A8654030095E23C /* SceneDelegate.swift in Sources */,
				BEA65CA72A8685EA00311786 /* Ext + UIFont.swift in Sources */,
				BEB8D7B22A8677AE0095E23C /* DetailCollectionViewCell.swift in Sources */,
				BEA65CAB2A868BC700311786 /* APIKey.swift in Sources */,
			);
			runOnlyForDeploymentPostprocessing = 0;
		};
/* End PBXSourcesBuildPhase section */

/* Begin PBXVariantGroup section */
		BEB8D78D2A8654030095E23C /* Main.storyboard */ = {
			isa = PBXVariantGroup;
			children = (
				BEB8D78E2A8654030095E23C /* Base */,
			);
			name = Main.storyboard;
			sourceTree = "<group>";
		};
		BEB8D7922A8654050095E23C /* LaunchScreen.storyboard */ = {
			isa = PBXVariantGroup;
			children = (
				BEB8D7932A8654050095E23C /* Base */,
			);
			name = LaunchScreen.storyboard;
			sourceTree = "<group>";
		};
/* End PBXVariantGroup section */

/* Begin XCBuildConfiguration section */
		BEB8D7962A8654050095E23C /* Debug */ = {
			isa = XCBuildConfiguration;
			buildSettings = {
				ALWAYS_SEARCH_USER_PATHS = NO;
				CLANG_ANALYZER_NONNULL = YES;
				CLANG_ANALYZER_NUMBER_OBJECT_CONVERSION = YES_AGGRESSIVE;
				CLANG_CXX_LANGUAGE_STANDARD = "gnu++20";
				CLANG_ENABLE_MODULES = YES;
				CLANG_ENABLE_OBJC_ARC = YES;
				CLANG_ENABLE_OBJC_WEAK = YES;
				CLANG_WARN_BLOCK_CAPTURE_AUTORELEASING = YES;
				CLANG_WARN_BOOL_CONVERSION = YES;
				CLANG_WARN_COMMA = YES;
				CLANG_WARN_CONSTANT_CONVERSION = YES;
				CLANG_WARN_DEPRECATED_OBJC_IMPLEMENTATIONS = YES;
				CLANG_WARN_DIRECT_OBJC_ISA_USAGE = YES_ERROR;
				CLANG_WARN_DOCUMENTATION_COMMENTS = YES;
				CLANG_WARN_EMPTY_BODY = YES;
				CLANG_WARN_ENUM_CONVERSION = YES;
				CLANG_WARN_INFINITE_RECURSION = YES;
				CLANG_WARN_INT_CONVERSION = YES;
				CLANG_WARN_NON_LITERAL_NULL_CONVERSION = YES;
				CLANG_WARN_OBJC_IMPLICIT_RETAIN_SELF = YES;
				CLANG_WARN_OBJC_LITERAL_CONVERSION = YES;
				CLANG_WARN_OBJC_ROOT_CLASS = YES_ERROR;
				CLANG_WARN_QUOTED_INCLUDE_IN_FRAMEWORK_HEADER = YES;
				CLANG_WARN_RANGE_LOOP_ANALYSIS = YES;
				CLANG_WARN_STRICT_PROTOTYPES = YES;
				CLANG_WARN_SUSPICIOUS_MOVE = YES;
				CLANG_WARN_UNGUARDED_AVAILABILITY = YES_AGGRESSIVE;
				CLANG_WARN_UNREACHABLE_CODE = YES;
				CLANG_WARN__DUPLICATE_METHOD_MATCH = YES;
				COPY_PHASE_STRIP = NO;
				DEBUG_INFORMATION_FORMAT = dwarf;
				ENABLE_STRICT_OBJC_MSGSEND = YES;
				ENABLE_TESTABILITY = YES;
				GCC_C_LANGUAGE_STANDARD = gnu11;
				GCC_DYNAMIC_NO_PIC = NO;
				GCC_NO_COMMON_BLOCKS = YES;
				GCC_OPTIMIZATION_LEVEL = 0;
				GCC_PREPROCESSOR_DEFINITIONS = (
					"DEBUG=1",
					"$(inherited)",
				);
				GCC_WARN_64_TO_32_BIT_CONVERSION = YES;
				GCC_WARN_ABOUT_RETURN_TYPE = YES_ERROR;
				GCC_WARN_UNDECLARED_SELECTOR = YES;
				GCC_WARN_UNINITIALIZED_AUTOS = YES_AGGRESSIVE;
				GCC_WARN_UNUSED_FUNCTION = YES;
				GCC_WARN_UNUSED_VARIABLE = YES;
				IPHONEOS_DEPLOYMENT_TARGET = 16.4;
				MTL_ENABLE_DEBUG_INFO = INCLUDE_SOURCE;
				MTL_FAST_MATH = YES;
				ONLY_ACTIVE_ARCH = YES;
				SDKROOT = iphoneos;
				SWIFT_ACTIVE_COMPILATION_CONDITIONS = DEBUG;
				SWIFT_OPTIMIZATION_LEVEL = "-Onone";
			};
			name = Debug;
		};
		BEB8D7972A8654050095E23C /* Release */ = {
			isa = XCBuildConfiguration;
			buildSettings = {
				ALWAYS_SEARCH_USER_PATHS = NO;
				CLANG_ANALYZER_NONNULL = YES;
				CLANG_ANALYZER_NUMBER_OBJECT_CONVERSION = YES_AGGRESSIVE;
				CLANG_CXX_LANGUAGE_STANDARD = "gnu++20";
				CLANG_ENABLE_MODULES = YES;
				CLANG_ENABLE_OBJC_ARC = YES;
				CLANG_ENABLE_OBJC_WEAK = YES;
				CLANG_WARN_BLOCK_CAPTURE_AUTORELEASING = YES;
				CLANG_WARN_BOOL_CONVERSION = YES;
				CLANG_WARN_COMMA = YES;
				CLANG_WARN_CONSTANT_CONVERSION = YES;
				CLANG_WARN_DEPRECATED_OBJC_IMPLEMENTATIONS = YES;
				CLANG_WARN_DIRECT_OBJC_ISA_USAGE = YES_ERROR;
				CLANG_WARN_DOCUMENTATION_COMMENTS = YES;
				CLANG_WARN_EMPTY_BODY = YES;
				CLANG_WARN_ENUM_CONVERSION = YES;
				CLANG_WARN_INFINITE_RECURSION = YES;
				CLANG_WARN_INT_CONVERSION = YES;
				CLANG_WARN_NON_LITERAL_NULL_CONVERSION = YES;
				CLANG_WARN_OBJC_IMPLICIT_RETAIN_SELF = YES;
				CLANG_WARN_OBJC_LITERAL_CONVERSION = YES;
				CLANG_WARN_OBJC_ROOT_CLASS = YES_ERROR;
				CLANG_WARN_QUOTED_INCLUDE_IN_FRAMEWORK_HEADER = YES;
				CLANG_WARN_RANGE_LOOP_ANALYSIS = YES;
				CLANG_WARN_STRICT_PROTOTYPES = YES;
				CLANG_WARN_SUSPICIOUS_MOVE = YES;
				CLANG_WARN_UNGUARDED_AVAILABILITY = YES_AGGRESSIVE;
				CLANG_WARN_UNREACHABLE_CODE = YES;
				CLANG_WARN__DUPLICATE_METHOD_MATCH = YES;
				COPY_PHASE_STRIP = NO;
				DEBUG_INFORMATION_FORMAT = "dwarf-with-dsym";
				ENABLE_NS_ASSERTIONS = NO;
				ENABLE_STRICT_OBJC_MSGSEND = YES;
				GCC_C_LANGUAGE_STANDARD = gnu11;
				GCC_NO_COMMON_BLOCKS = YES;
				GCC_WARN_64_TO_32_BIT_CONVERSION = YES;
				GCC_WARN_ABOUT_RETURN_TYPE = YES_ERROR;
				GCC_WARN_UNDECLARED_SELECTOR = YES;
				GCC_WARN_UNINITIALIZED_AUTOS = YES_AGGRESSIVE;
				GCC_WARN_UNUSED_FUNCTION = YES;
				GCC_WARN_UNUSED_VARIABLE = YES;
				IPHONEOS_DEPLOYMENT_TARGET = 16.4;
				MTL_ENABLE_DEBUG_INFO = NO;
				MTL_FAST_MATH = YES;
				SDKROOT = iphoneos;
				SWIFT_COMPILATION_MODE = wholemodule;
				SWIFT_OPTIMIZATION_LEVEL = "-O";
				VALIDATE_PRODUCT = YES;
			};
			name = Release;
		};
		BEB8D7992A8654050095E23C /* Debug */ = {
			isa = XCBuildConfiguration;
			buildSettings = {
				ASSETCATALOG_COMPILER_APPICON_NAME = AppIcon;
				ASSETCATALOG_COMPILER_GLOBAL_ACCENT_COLOR_NAME = AccentColor;
				CODE_SIGN_STYLE = Automatic;
				CURRENT_PROJECT_VERSION = 1;
				DEVELOPMENT_TEAM = 7HDHR2SNR7;
				GENERATE_INFOPLIST_FILE = YES;
				INFOPLIST_FILE = "10. MediaProject/Info.plist";
				INFOPLIST_KEY_UIApplicationSupportsIndirectInputEvents = YES;
				INFOPLIST_KEY_UILaunchStoryboardName = LaunchScreen;
				INFOPLIST_KEY_UIMainStoryboardFile = Main;
				INFOPLIST_KEY_UISupportedInterfaceOrientations_iPad = "UIInterfaceOrientationPortrait UIInterfaceOrientationPortraitUpsideDown UIInterfaceOrientationLandscapeLeft UIInterfaceOrientationLandscapeRight";
				INFOPLIST_KEY_UISupportedInterfaceOrientations_iPhone = "UIInterfaceOrientationPortrait UIInterfaceOrientationLandscapeLeft UIInterfaceOrientationLandscapeRight";
				LD_RUNPATH_SEARCH_PATHS = (
					"$(inherited)",
					"@executable_path/Frameworks",
				);
				MARKETING_VERSION = 1.0;
				PRODUCT_BUNDLE_IDENTIFIER = "com.sesac.-0--MediaProject";
				PRODUCT_NAME = "$(TARGET_NAME)";
				SWIFT_EMIT_LOC_STRINGS = YES;
				SWIFT_VERSION = 5.0;
				TARGETED_DEVICE_FAMILY = "1,2";
			};
			name = Debug;
		};
		BEB8D79A2A8654050095E23C /* Release */ = {
			isa = XCBuildConfiguration;
			buildSettings = {
				ASSETCATALOG_COMPILER_APPICON_NAME = AppIcon;
				ASSETCATALOG_COMPILER_GLOBAL_ACCENT_COLOR_NAME = AccentColor;
				CODE_SIGN_STYLE = Automatic;
				CURRENT_PROJECT_VERSION = 1;
				DEVELOPMENT_TEAM = 7HDHR2SNR7;
				GENERATE_INFOPLIST_FILE = YES;
				INFOPLIST_FILE = "10. MediaProject/Info.plist";
				INFOPLIST_KEY_UIApplicationSupportsIndirectInputEvents = YES;
				INFOPLIST_KEY_UILaunchStoryboardName = LaunchScreen;
				INFOPLIST_KEY_UIMainStoryboardFile = Main;
				INFOPLIST_KEY_UISupportedInterfaceOrientations_iPad = "UIInterfaceOrientationPortrait UIInterfaceOrientationPortraitUpsideDown UIInterfaceOrientationLandscapeLeft UIInterfaceOrientationLandscapeRight";
				INFOPLIST_KEY_UISupportedInterfaceOrientations_iPhone = "UIInterfaceOrientationPortrait UIInterfaceOrientationLandscapeLeft UIInterfaceOrientationLandscapeRight";
				LD_RUNPATH_SEARCH_PATHS = (
					"$(inherited)",
					"@executable_path/Frameworks",
				);
				MARKETING_VERSION = 1.0;
				PRODUCT_BUNDLE_IDENTIFIER = "com.sesac.-0--MediaProject";
				PRODUCT_NAME = "$(TARGET_NAME)";
				SWIFT_EMIT_LOC_STRINGS = YES;
				SWIFT_VERSION = 5.0;
				TARGETED_DEVICE_FAMILY = "1,2";
			};
			name = Release;
		};
/* End XCBuildConfiguration section */

/* Begin XCConfigurationList section */
		BEB8D77F2A8654030095E23C /* Build configuration list for PBXProject "10. MediaProject" */ = {
			isa = XCConfigurationList;
			buildConfigurations = (
				BEB8D7962A8654050095E23C /* Debug */,
				BEB8D7972A8654050095E23C /* Release */,
			);
			defaultConfigurationIsVisible = 0;
			defaultConfigurationName = Release;
		};
		BEB8D7982A8654050095E23C /* Build configuration list for PBXNativeTarget "10. MediaProject" */ = {
			isa = XCConfigurationList;
			buildConfigurations = (
				BEB8D7992A8654050095E23C /* Debug */,
				BEB8D79A2A8654050095E23C /* Release */,
			);
			defaultConfigurationIsVisible = 0;
			defaultConfigurationName = Release;
		};
/* End XCConfigurationList section */

/* Begin XCRemoteSwiftPackageReference section */
		BEA65CAC2A86A4DD00311786 /* XCRemoteSwiftPackageReference "Kingfisher" */ = {
			isa = XCRemoteSwiftPackageReference;
			repositoryURL = "https://github.com/onevcat/Kingfisher";
			requirement = {
				kind = upToNextMajorVersion;
				minimumVersion = 7.0.0;
			};
		};
		BEB8D79B2A8654150095E23C /* XCRemoteSwiftPackageReference "Alamofire" */ = {
			isa = XCRemoteSwiftPackageReference;
			repositoryURL = "https://github.com/Alamofire/Alamofire";
			requirement = {
				kind = upToNextMajorVersion;
				minimumVersion = 5.0.0;
			};
		};
		BEB8D79E2A8654220095E23C /* XCRemoteSwiftPackageReference "SwiftyJSON" */ = {
			isa = XCRemoteSwiftPackageReference;
			repositoryURL = "https://github.com/SwiftyJSON/SwiftyJSON";
			requirement = {
				kind = upToNextMajorVersion;
				minimumVersion = 5.0.0;
			};
		};
/* End XCRemoteSwiftPackageReference section */

/* Begin XCSwiftPackageProductDependency section */
		BEA65CAD2A86A4DD00311786 /* Kingfisher */ = {
			isa = XCSwiftPackageProductDependency;
			package = BEA65CAC2A86A4DD00311786 /* XCRemoteSwiftPackageReference "Kingfisher" */;
			productName = Kingfisher;
		};
		BEB8D79C2A8654150095E23C /* Alamofire */ = {
			isa = XCSwiftPackageProductDependency;
			package = BEB8D79B2A8654150095E23C /* XCRemoteSwiftPackageReference "Alamofire" */;
			productName = Alamofire;
		};
		BEB8D79F2A8654220095E23C /* SwiftyJSON */ = {
			isa = XCSwiftPackageProductDependency;
			package = BEB8D79E2A8654220095E23C /* XCRemoteSwiftPackageReference "SwiftyJSON" */;
			productName = SwiftyJSON;
		};
/* End XCSwiftPackageProductDependency section */
	};
	rootObject = BEB8D77C2A8654030095E23C /* Project object */;
}
