// !$*UTF8*$!
{
	archiveVersion = 1;
	classes = {
	};
	objectVersion = 56;
	objects = {

/* Begin PBXBuildFile section */
		BE40DC682A6A0F380007F588 /* AutolayoutViewController.swift in Sources */ = {isa = PBXBuildFile; fileRef = BE40DC672A6A0F380007F588 /* AutolayoutViewController.swift */; };
		BE40DC7E2A6CC11E0007F588 /* ViewController.swift in Sources */ = {isa = PBXBuildFile; fileRef = BE40DC732A6CC11E0007F588 /* ViewController.swift */; };
		BE40DC7F2A6CC11E0007F588 /* sampleViewController.swift in Sources */ = {isa = PBXBuildFile; fileRef = BE40DC742A6CC11E0007F588 /* sampleViewController.swift */; };
		BE40DC812A6CC11E0007F588 /* newLangViewController.swift in Sources */ = {isa = PBXBuildFile; fileRef = BE40DC762A6CC11E0007F588 /* newLangViewController.swift */; };
		BE40DC842A6CC11E0007F588 /* AppDelegate.swift in Sources */ = {isa = PBXBuildFile; fileRef = BE40DC7B2A6CC11E0007F588 /* AppDelegate.swift */; };
		BE40DC862A6CC11E0007F588 /* SceneDelegate.swift in Sources */ = {isa = PBXBuildFile; fileRef = BE40DC7D2A6CC11E0007F588 /* SceneDelegate.swift */; };
		BE40DC872A6CC3C00007F588 /* AutolayoutPractice.storyboard in Resources */ = {isa = PBXBuildFile; fileRef = BE40DC642A6A0F170007F588 /* AutolayoutPractice.storyboard */; };
		BE40DC882A6CC3D90007F588 /* Main.storyboard in Resources */ = {isa = PBXBuildFile; fileRef = BE40DC792A6CC11E0007F588 /* Main.storyboard */; };
		BE40DC892A6CC3E60007F588 /* Assets.xcassets in Resources */ = {isa = PBXBuildFile; fileRef = BE40DC752A6CC11E0007F588 /* Assets.xcassets */; };
/* End PBXBuildFile section */

/* Begin PBXFileReference section */
		BE40DC472A68DA2F0007F588 /* day3.app */ = {isa = PBXFileReference; explicitFileType = wrapper.application; includeInIndex = 0; path = day3.app; sourceTree = BUILT_PRODUCTS_DIR; };
		BE40DC642A6A0F170007F588 /* AutolayoutPractice.storyboard */ = {isa = PBXFileReference; lastKnownFileType = file.storyboard; path = AutolayoutPractice.storyboard; sourceTree = "<group>"; };
		BE40DC672A6A0F380007F588 /* AutolayoutViewController.swift */ = {isa = PBXFileReference; lastKnownFileType = sourcecode.swift; path = AutolayoutViewController.swift; sourceTree = "<group>"; };
		BE40DC732A6CC11E0007F588 /* ViewController.swift */ = {isa = PBXFileReference; fileEncoding = 4; lastKnownFileType = sourcecode.swift; path = ViewController.swift; sourceTree = "<group>"; };
		BE40DC742A6CC11E0007F588 /* sampleViewController.swift */ = {isa = PBXFileReference; fileEncoding = 4; lastKnownFileType = sourcecode.swift; path = sampleViewController.swift; sourceTree = "<group>"; };
		BE40DC752A6CC11E0007F588 /* Assets.xcassets */ = {isa = PBXFileReference; lastKnownFileType = folder.assetcatalog; path = Assets.xcassets; sourceTree = "<group>"; };
		BE40DC762A6CC11E0007F588 /* newLangViewController.swift */ = {isa = PBXFileReference; fileEncoding = 4; lastKnownFileType = sourcecode.swift; path = newLangViewController.swift; sourceTree = "<group>"; };
		BE40DC782A6CC11E0007F588 /* Base */ = {isa = PBXFileReference; lastKnownFileType = file.storyboard; name = Base; path = Base.lproj/LaunchScreen.storyboard; sourceTree = "<group>"; };
		BE40DC7A2A6CC11E0007F588 /* Base */ = {isa = PBXFileReference; lastKnownFileType = file.storyboard; name = Base; path = Base.lproj/Main.storyboard; sourceTree = "<group>"; };
		BE40DC7B2A6CC11E0007F588 /* AppDelegate.swift */ = {isa = PBXFileReference; fileEncoding = 4; lastKnownFileType = sourcecode.swift; path = AppDelegate.swift; sourceTree = "<group>"; };
		BE40DC7C2A6CC11E0007F588 /* Info.plist */ = {isa = PBXFileReference; fileEncoding = 4; lastKnownFileType = text.plist.xml; path = Info.plist; sourceTree = "<group>"; };
		BE40DC7D2A6CC11E0007F588 /* SceneDelegate.swift */ = {isa = PBXFileReference; fileEncoding = 4; lastKnownFileType = sourcecode.swift; path = SceneDelegate.swift; sourceTree = "<group>"; };
/* End PBXFileReference section */

/* Begin PBXFrameworksBuildPhase section */
		BE40DC442A68DA2F0007F588 /* Frameworks */ = {
			isa = PBXFrameworksBuildPhase;
			buildActionMask = 2147483647;
			files = (
			);
			runOnlyForDeploymentPostprocessing = 0;
		};
/* End PBXFrameworksBuildPhase section */

/* Begin PBXGroup section */
		BE40DC3E2A68DA2F0007F588 = {
			isa = PBXGroup;
			children = (
				BEF151332A6E711900798D74 /* day3 */,
				BE40DC722A6CC11E0007F588 /* date */,
				BE40DC662A6A0F200007F588 /* newWordSearch */,
				BE40DC482A68DA2F0007F588 /* Products */,
			);
			sourceTree = "<group>";
		};
		BE40DC482A68DA2F0007F588 /* Products */ = {
			isa = PBXGroup;
			children = (
				BE40DC472A68DA2F0007F588 /* day3.app */,
			);
			name = Products;
			sourceTree = "<group>";
		};
		BE40DC662A6A0F200007F588 /* newWordSearch */ = {
			isa = PBXGroup;
			children = (
				BE40DC642A6A0F170007F588 /* AutolayoutPractice.storyboard */,
				BE40DC672A6A0F380007F588 /* AutolayoutViewController.swift */,
			);
			path = newWordSearch;
			sourceTree = "<group>";
		};
		BE40DC722A6CC11E0007F588 /* date */ = {
			isa = PBXGroup;
			children = (
				BE40DC732A6CC11E0007F588 /* ViewController.swift */,
				BE40DC742A6CC11E0007F588 /* sampleViewController.swift */,
				BE40DC762A6CC11E0007F588 /* newLangViewController.swift */,
				BE40DC7B2A6CC11E0007F588 /* AppDelegate.swift */,
				BE40DC752A6CC11E0007F588 /* Assets.xcassets */,
				BE40DC7D2A6CC11E0007F588 /* SceneDelegate.swift */,
				BE40DC772A6CC11E0007F588 /* LaunchScreen.storyboard */,
				BE40DC792A6CC11E0007F588 /* Main.storyboard */,
			);
			path = date;
			sourceTree = SOURCE_ROOT;
		};
		BEF151332A6E711900798D74 /* day3 */ = {
			isa = PBXGroup;
			children = (
				BE40DC7C2A6CC11E0007F588 /* Info.plist */,
			);
			path = day3;
			sourceTree = "<group>";
		};
/* End PBXGroup section */

/* Begin PBXNativeTarget section */
		BE40DC462A68DA2F0007F588 /* day3 */ = {
			isa = PBXNativeTarget;
			buildConfigurationList = BE40DC5B2A68DA300007F588 /* Build configuration list for PBXNativeTarget "day3" */;
			buildPhases = (
				BE40DC432A68DA2F0007F588 /* Sources */,
				BE40DC442A68DA2F0007F588 /* Frameworks */,
				BE40DC452A68DA2F0007F588 /* Resources */,
			);
			buildRules = (
			);
			dependencies = (
			);
			name = day3;
			productName = day3;
			productReference = BE40DC472A68DA2F0007F588 /* day3.app */;
			productType = "com.apple.product-type.application";
		};
/* End PBXNativeTarget section */

/* Begin PBXProject section */
		BE40DC3F2A68DA2F0007F588 /* Project object */ = {
			isa = PBXProject;
			attributes = {
				BuildIndependentTargetsInParallel = 1;
				LastSwiftUpdateCheck = 1430;
				LastUpgradeCheck = 1430;
				TargetAttributes = {
					BE40DC462A68DA2F0007F588 = {
						CreatedOnToolsVersion = 14.3.1;
					};
				};
			};
			buildConfigurationList = BE40DC422A68DA2F0007F588 /* Build configuration list for PBXProject "newWords" */;
			compatibilityVersion = "Xcode 14.0";
			developmentRegion = en;
			hasScannedForEncodings = 0;
			knownRegions = (
				en,
				Base,
			);
			mainGroup = BE40DC3E2A68DA2F0007F588;
			productRefGroup = BE40DC482A68DA2F0007F588 /* Products */;
			projectDirPath = "";
			projectRoot = "";
			targets = (
				BE40DC462A68DA2F0007F588 /* day3 */,
			);
		};
/* End PBXProject section */

/* Begin PBXResourcesBuildPhase section */
		BE40DC452A68DA2F0007F588 /* Resources */ = {
			isa = PBXResourcesBuildPhase;
			buildActionMask = 2147483647;
			files = (
				BE40DC892A6CC3E60007F588 /* Assets.xcassets in Resources */,
				BE40DC882A6CC3D90007F588 /* Main.storyboard in Resources */,
				BE40DC872A6CC3C00007F588 /* AutolayoutPractice.storyboard in Resources */,
			);
			runOnlyForDeploymentPostprocessing = 0;
		};
/* End PBXResourcesBuildPhase section */

/* Begin PBXSourcesBuildPhase section */
		BE40DC432A68DA2F0007F588 /* Sources */ = {
			isa = PBXSourcesBuildPhase;
			buildActionMask = 2147483647;
			files = (
				BE40DC7E2A6CC11E0007F588 /* ViewController.swift in Sources */,
				BE40DC812A6CC11E0007F588 /* newLangViewController.swift in Sources */,
				BE40DC7F2A6CC11E0007F588 /* sampleViewController.swift in Sources */,
				BE40DC842A6CC11E0007F588 /* AppDelegate.swift in Sources */,
				BE40DC682A6A0F380007F588 /* AutolayoutViewController.swift in Sources */,
				BE40DC862A6CC11E0007F588 /* SceneDelegate.swift in Sources */,
			);
			runOnlyForDeploymentPostprocessing = 0;
		};
/* End PBXSourcesBuildPhase section */

/* Begin PBXVariantGroup section */
		BE40DC772A6CC11E0007F588 /* LaunchScreen.storyboard */ = {
			isa = PBXVariantGroup;
			children = (
				BE40DC782A6CC11E0007F588 /* Base */,
			);
			name = LaunchScreen.storyboard;
			sourceTree = "<group>";
		};
		BE40DC792A6CC11E0007F588 /* Main.storyboard */ = {
			isa = PBXVariantGroup;
			children = (
				BE40DC7A2A6CC11E0007F588 /* Base */,
			);
			name = Main.storyboard;
			sourceTree = "<group>";
		};
/* End PBXVariantGroup section */

/* Begin XCBuildConfiguration section */
		BE40DC592A68DA300007F588 /* Debug */ = {
			isa = XCBuildConfiguration;
			buildSettings = {
				ALWAYS_SEARCH_USER_PATHS = NO;
				CLANG_ANALYZER_NONNULL = YES;
				CLANG_ANALYZER_NUMBER_OBJECT_CONVERSION = YES_AGGRESSIVE;
				CLANG_CXX_LANGUAGE_STANDARD = "gnu++20";
				CLANG_ENABLE_MODULES = YES;
				CLANG_ENABLE_OBJC_ARC = YES;
				CLANG_ENABLE_OBJC_WEAK = YES;
				CLANG_WARN_BLOCK_CAPTURE_AUTORELEASING = YES;
				CLANG_WARN_BOOL_CONVERSION = YES;
				CLANG_WARN_COMMA = YES;
				CLANG_WARN_CONSTANT_CONVERSION = YES;
				CLANG_WARN_DEPRECATED_OBJC_IMPLEMENTATIONS = YES;
				CLANG_WARN_DIRECT_OBJC_ISA_USAGE = YES_ERROR;
				CLANG_WARN_DOCUMENTATION_COMMENTS = YES;
				CLANG_WARN_EMPTY_BODY = YES;
				CLANG_WARN_ENUM_CONVERSION = YES;
				CLANG_WARN_INFINITE_RECURSION = YES;
				CLANG_WARN_INT_CONVERSION = YES;
				CLANG_WARN_NON_LITERAL_NULL_CONVERSION = YES;
				CLANG_WARN_OBJC_IMPLICIT_RETAIN_SELF = YES;
				CLANG_WARN_OBJC_LITERAL_CONVERSION = YES;
				CLANG_WARN_OBJC_ROOT_CLASS = YES_ERROR;
				CLANG_WARN_QUOTED_INCLUDE_IN_FRAMEWORK_HEADER = YES;
				CLANG_WARN_RANGE_LOOP_ANALYSIS = YES;
				CLANG_WARN_STRICT_PROTOTYPES = YES;
				CLANG_WARN_SUSPICIOUS_MOVE = YES;
				CLANG_WARN_UNGUARDED_AVAILABILITY = YES_AGGRESSIVE;
				CLANG_WARN_UNREACHABLE_CODE = YES;
				CLANG_WARN__DUPLICATE_METHOD_MATCH = YES;
				COPY_PHASE_STRIP = NO;
				DEBUG_INFORMATION_FORMAT = dwarf;
				ENABLE_STRICT_OBJC_MSGSEND = YES;
				ENABLE_TESTABILITY = YES;
				GCC_C_LANGUAGE_STANDARD = gnu11;
				GCC_DYNAMIC_NO_PIC = NO;
				GCC_NO_COMMON_BLOCKS = YES;
				GCC_OPTIMIZATION_LEVEL = 0;
				GCC_PREPROCESSOR_DEFINITIONS = (
					"DEBUG=1",
					"$(inherited)",
				);
				GCC_WARN_64_TO_32_BIT_CONVERSION = YES;
				GCC_WARN_ABOUT_RETURN_TYPE = YES_ERROR;
				GCC_WARN_UNDECLARED_SELECTOR = YES;
				GCC_WARN_UNINITIALIZED_AUTOS = YES_AGGRESSIVE;
				GCC_WARN_UNUSED_FUNCTION = YES;
				GCC_WARN_UNUSED_VARIABLE = YES;
				IPHONEOS_DEPLOYMENT_TARGET = 16.0;
				MTL_ENABLE_DEBUG_INFO = INCLUDE_SOURCE;
				MTL_FAST_MATH = YES;
				ONLY_ACTIVE_ARCH = YES;
				SDKROOT = iphoneos;
				SWIFT_ACTIVE_COMPILATION_CONDITIONS = DEBUG;
				SWIFT_OPTIMIZATION_LEVEL = "-Onone";
			};
			name = Debug;
		};
		BE40DC5A2A68DA300007F588 /* Release */ = {
			isa = XCBuildConfiguration;
			buildSettings = {
				ALWAYS_SEARCH_USER_PATHS = NO;
				CLANG_ANALYZER_NONNULL = YES;
				CLANG_ANALYZER_NUMBER_OBJECT_CONVERSION = YES_AGGRESSIVE;
				CLANG_CXX_LANGUAGE_STANDARD = "gnu++20";
				CLANG_ENABLE_MODULES = YES;
				CLANG_ENABLE_OBJC_ARC = YES;
				CLANG_ENABLE_OBJC_WEAK = YES;
				CLANG_WARN_BLOCK_CAPTURE_AUTORELEASING = YES;
				CLANG_WARN_BOOL_CONVERSION = YES;
				CLANG_WARN_COMMA = YES;
				CLANG_WARN_CONSTANT_CONVERSION = YES;
				CLANG_WARN_DEPRECATED_OBJC_IMPLEMENTATIONS = YES;
				CLANG_WARN_DIRECT_OBJC_ISA_USAGE = YES_ERROR;
				CLANG_WARN_DOCUMENTATION_COMMENTS = YES;
				CLANG_WARN_EMPTY_BODY = YES;
				CLANG_WARN_ENUM_CONVERSION = YES;
				CLANG_WARN_INFINITE_RECURSION = YES;
				CLANG_WARN_INT_CONVERSION = YES;
				CLANG_WARN_NON_LITERAL_NULL_CONVERSION = YES;
				CLANG_WARN_OBJC_IMPLICIT_RETAIN_SELF = YES;
				CLANG_WARN_OBJC_LITERAL_CONVERSION = YES;
				CLANG_WARN_OBJC_ROOT_CLASS = YES_ERROR;
				CLANG_WARN_QUOTED_INCLUDE_IN_FRAMEWORK_HEADER = YES;
				CLANG_WARN_RANGE_LOOP_ANALYSIS = YES;
				CLANG_WARN_STRICT_PROTOTYPES = YES;
				CLANG_WARN_SUSPICIOUS_MOVE = YES;
				CLANG_WARN_UNGUARDED_AVAILABILITY = YES_AGGRESSIVE;
				CLANG_WARN_UNREACHABLE_CODE = YES;
				CLANG_WARN__DUPLICATE_METHOD_MATCH = YES;
				COPY_PHASE_STRIP = NO;
				DEBUG_INFORMATION_FORMAT = "dwarf-with-dsym";
				ENABLE_NS_ASSERTIONS = NO;
				ENABLE_STRICT_OBJC_MSGSEND = YES;
				GCC_C_LANGUAGE_STANDARD = gnu11;
				GCC_NO_COMMON_BLOCKS = YES;
				GCC_WARN_64_TO_32_BIT_CONVERSION = YES;
				GCC_WARN_ABOUT_RETURN_TYPE = YES_ERROR;
				GCC_WARN_UNDECLARED_SELECTOR = YES;
				GCC_WARN_UNINITIALIZED_AUTOS = YES_AGGRESSIVE;
				GCC_WARN_UNUSED_FUNCTION = YES;
				GCC_WARN_UNUSED_VARIABLE = YES;
				IPHONEOS_DEPLOYMENT_TARGET = 16.0;
				MTL_ENABLE_DEBUG_INFO = NO;
				MTL_FAST_MATH = YES;
				SDKROOT = iphoneos;
				SWIFT_COMPILATION_MODE = wholemodule;
				SWIFT_OPTIMIZATION_LEVEL = "-O";
				VALIDATE_PRODUCT = YES;
			};
			name = Release;
		};
		BE40DC5C2A68DA300007F588 /* Debug */ = {
			isa = XCBuildConfiguration;
			buildSettings = {
				ASSETCATALOG_COMPILER_APPICON_NAME = AppIcon;
				ASSETCATALOG_COMPILER_GLOBAL_ACCENT_COLOR_NAME = AccentColor;
				CODE_SIGN_IDENTITY = "Apple Development";
				CODE_SIGN_STYLE = Automatic;
				CURRENT_PROJECT_VERSION = 1;
				DEVELOPMENT_TEAM = 7HDHR2SNR7;
				GENERATE_INFOPLIST_FILE = YES;
				INFOPLIST_FILE = day3/Info.plist;
				INFOPLIST_KEY_UIApplicationSupportsIndirectInputEvents = YES;
				INFOPLIST_KEY_UILaunchStoryboardName = LaunchScreen;
				INFOPLIST_KEY_UIMainStoryboardFile = Main;
				INFOPLIST_KEY_UISupportedInterfaceOrientations_iPad = "UIInterfaceOrientationPortrait UIInterfaceOrientationPortraitUpsideDown UIInterfaceOrientationLandscapeLeft UIInterfaceOrientationLandscapeRight";
				INFOPLIST_KEY_UISupportedInterfaceOrientations_iPhone = "UIInterfaceOrientationPortrait UIInterfaceOrientationLandscapeLeft UIInterfaceOrientationLandscapeRight";
				IPHONEOS_DEPLOYMENT_TARGET = 13.4;
				LD_RUNPATH_SEARCH_PATHS = (
					"$(inherited)",
					"@executable_path/Frameworks",
				);
				MARKETING_VERSION = 1.0;
				PRODUCT_BUNDLE_IDENTIFIER = com.sesac.day3;
				PRODUCT_NAME = "$(TARGET_NAME)";
				PROVISIONING_PROFILE_SPECIFIER = "";
				SWIFT_EMIT_LOC_STRINGS = YES;
				SWIFT_VERSION = 5.0;
				TARGETED_DEVICE_FAMILY = "1,2";
			};
			name = Debug;
		};
		BE40DC5D2A68DA300007F588 /* Release */ = {
			isa = XCBuildConfiguration;
			buildSettings = {
				ASSETCATALOG_COMPILER_APPICON_NAME = AppIcon;
				ASSETCATALOG_COMPILER_GLOBAL_ACCENT_COLOR_NAME = AccentColor;
				CODE_SIGN_IDENTITY = "Apple Development";
				CODE_SIGN_STYLE = Automatic;
				CURRENT_PROJECT_VERSION = 1;
				DEVELOPMENT_TEAM = 7HDHR2SNR7;
				GENERATE_INFOPLIST_FILE = YES;
				INFOPLIST_FILE = day3/Info.plist;
				INFOPLIST_KEY_UIApplicationSupportsIndirectInputEvents = YES;
				INFOPLIST_KEY_UILaunchStoryboardName = LaunchScreen;
				INFOPLIST_KEY_UIMainStoryboardFile = Main;
				INFOPLIST_KEY_UISupportedInterfaceOrientations_iPad = "UIInterfaceOrientationPortrait UIInterfaceOrientationPortraitUpsideDown UIInterfaceOrientationLandscapeLeft UIInterfaceOrientationLandscapeRight";
				INFOPLIST_KEY_UISupportedInterfaceOrientations_iPhone = "UIInterfaceOrientationPortrait UIInterfaceOrientationLandscapeLeft UIInterfaceOrientationLandscapeRight";
				IPHONEOS_DEPLOYMENT_TARGET = 13.4;
				LD_RUNPATH_SEARCH_PATHS = (
					"$(inherited)",
					"@executable_path/Frameworks",
				);
				MARKETING_VERSION = 1.0;
				PRODUCT_BUNDLE_IDENTIFIER = com.sesac.day3;
				PRODUCT_NAME = "$(TARGET_NAME)";
				PROVISIONING_PROFILE_SPECIFIER = "";
				SWIFT_EMIT_LOC_STRINGS = YES;
				SWIFT_VERSION = 5.0;
				TARGETED_DEVICE_FAMILY = "1,2";
			};
			name = Release;
		};
/* End XCBuildConfiguration section */

/* Begin XCConfigurationList section */
		BE40DC422A68DA2F0007F588 /* Build configuration list for PBXProject "newWords" */ = {
			isa = XCConfigurationList;
			buildConfigurations = (
				BE40DC592A68DA300007F588 /* Debug */,
				BE40DC5A2A68DA300007F588 /* Release */,
			);
			defaultConfigurationIsVisible = 0;
			defaultConfigurationName = Release;
		};
		BE40DC5B2A68DA300007F588 /* Build configuration list for PBXNativeTarget "day3" */ = {
			isa = XCConfigurationList;
			buildConfigurations = (
				BE40DC5C2A68DA300007F588 /* Debug */,
				BE40DC5D2A68DA300007F588 /* Release */,
			);
			defaultConfigurationIsVisible = 0;
			defaultConfigurationName = Release;
		};
/* End XCConfigurationList section */
	};
	rootObject = BE40DC3F2A68DA2F0007F588 /* Project object */;
}
